{
  "version": 4,
  "terraform_version": "1.1.3",
  "serial": 3323,
  "lineage": "7fa05fe2-938f-af86-0a03-f319dd92d297",
  "outputs": {},
  "resources": [
    {
      "module": "module.ansible_inventory",
      "mode": "managed",
      "type": "local_file",
      "name": "ipfile",
      "provider": "provider[\"registry.terraform.io/hashicorp/local\"]",
      "instances": [
        {
          "schema_version": 0,
          "attributes": {
            "content": "[aws_master]\n13.233.155.181 ansible_user=centos\n\n[aws_slave1]\n3.110.43.209 ansible_user=centos\n\n[azure_slave1]\n104.211.96.164 ansible_user=akhil ansible_become_password=Akhil29@\n\n[slaves:children]\naws_slave1\nazure_slave1\n",
            "content_base64": null,
            "directory_permission": "0777",
            "file_permission": "0777",
            "filename": "ip.txt",
            "id": "e5e0be255bba7faab16da4aeeab569353b12f68f",
            "sensitive_content": null,
            "source": null
          },
          "sensitive_attributes": [],
          "private": "bnVsbA==",
          "dependencies": [
            "module.aws.aws_instance.k8s-master",
            "module.aws.aws_instance.k8s-slave",
            "module.aws.aws_security_group.secure",
            "module.aws.aws_subnet.mysubnet1",
            "module.aws.aws_vpc.myvpc",
            "module.azure.azurerm_linux_virtual_machine.azure_slave_vm",
            "module.azure.azurerm_network_interface.vm_nic",
            "module.azure.azurerm_public_ip.vm_pubip",
            "module.azure.azurerm_resource_group.myrg",
            "module.azure.azurerm_subnet.vm_subnet",
            "module.azure.azurerm_virtual_network.vpc",
            "module.cluster_key.local_file.privatekey",
            "module.cluster_key.tls_private_key.keypair"
          ]
        }
      ]
    },
    {
      "module": "module.aws",
      "mode": "managed",
      "type": "aws_instance",
      "name": "k8s-master",
      "provider": "provider[\"registry.terraform.io/hashicorp/aws\"].myaws",
      "instances": [
        {
          "schema_version": 1,
          "attributes": {
            "ami": "ami-026f33d38b6410e30",
            "arn": "arn:aws:ec2:ap-south-1:328884867008:instance/i-0c5d918f669d633d5",
            "associate_public_ip_address": true,
            "availability_zone": "ap-south-1b",
            "capacity_reservation_specification": [
              {
                "capacity_reservation_preference": "open",
                "capacity_reservation_target": []
              }
            ],
            "cpu_core_count": 2,
            "cpu_threads_per_core": 1,
            "credit_specification": [
              {
                "cpu_credits": "standard"
              }
            ],
            "disable_api_termination": false,
            "ebs_block_device": [],
            "ebs_optimized": false,
            "enclave_options": [
              {
                "enabled": false
              }
            ],
            "ephemeral_block_device": [],
            "get_password_data": false,
            "hibernation": false,
            "host_id": null,
            "iam_instance_profile": "",
            "id": "i-0c5d918f669d633d5",
            "instance_initiated_shutdown_behavior": "stop",
            "instance_state": "running",
            "instance_type": "t2.medium",
            "ipv6_address_count": 0,
            "ipv6_addresses": [],
            "key_name": "k8s-cluster-vm-key",
            "launch_template": [],
            "metadata_options": [
              {
                "http_endpoint": "enabled",
                "http_put_response_hop_limit": 1,
                "http_tokens": "optional",
                "instance_metadata_tags": "disabled"
              }
            ],
            "monitoring": false,
            "network_interface": [],
            "outpost_arn": "",
            "password_data": "",
            "placement_group": "",
            "placement_partition_number": null,
            "primary_network_interface_id": "eni-007a7d4c697669b6b",
            "private_dns": "ip-10-0-2-235.ap-south-1.compute.internal",
            "private_ip": "10.0.2.235",
            "public_dns": "",
            "public_ip": "13.233.155.181",
            "root_block_device": [
              {
                "delete_on_termination": true,
                "device_name": "/dev/sda1",
                "encrypted": false,
                "iops": 100,
                "kms_key_id": "",
                "tags": null,
                "throughput": 0,
                "volume_id": "vol-0374353ec4409d41b",
                "volume_size": 20,
                "volume_type": "gp2"
              }
            ],
            "secondary_private_ips": [],
            "security_groups": [],
            "source_dest_check": true,
            "subnet_id": "subnet-0d6bfb84787874601",
            "tags": {
              "Name": "k8s-Master"
            },
            "tags_all": {
              "Name": "k8s-Master"
            },
            "tenancy": "default",
            "timeouts": null,
            "user_data": null,
            "user_data_base64": null,
            "volume_tags": null,
            "vpc_security_group_ids": [
              "sg-009503995e016489b"
            ]
          },
          "sensitive_attributes": [],
          "private": "eyJlMmJmYjczMC1lY2FhLTExZTYtOGY4OC0zNDM2M2JjN2M0YzAiOnsiY3JlYXRlIjo2MDAwMDAwMDAwMDAsImRlbGV0ZSI6MTIwMDAwMDAwMDAwMCwidXBkYXRlIjo2MDAwMDAwMDAwMDB9LCJzY2hlbWFfdmVyc2lvbiI6IjEifQ==",
          "dependencies": [
            "module.aws.aws_security_group.secure",
            "module.aws.aws_subnet.mysubnet1",
            "module.aws.aws_vpc.myvpc",
            "module.cluster_key.local_file.privatekey",
            "module.cluster_key.tls_private_key.keypair"
          ]
        }
      ]
    },
    {
      "module": "module.aws",
      "mode": "managed",
      "type": "aws_instance",
      "name": "k8s-slave",
      "provider": "provider[\"registry.terraform.io/hashicorp/aws\"].myaws",
      "instances": [
        {
          "schema_version": 1,
          "attributes": {
            "ami": "ami-026f33d38b6410e30",
            "arn": "arn:aws:ec2:ap-south-1:328884867008:instance/i-01a3f21abe676edb2",
            "associate_public_ip_address": true,
            "availability_zone": "ap-south-1b",
            "capacity_reservation_specification": [
              {
                "capacity_reservation_preference": "open",
                "capacity_reservation_target": []
              }
            ],
            "cpu_core_count": 1,
            "cpu_threads_per_core": 1,
            "credit_specification": [
              {
                "cpu_credits": "standard"
              }
            ],
            "disable_api_termination": false,
            "ebs_block_device": [],
            "ebs_optimized": false,
            "enclave_options": [
              {
                "enabled": false
              }
            ],
            "ephemeral_block_device": [],
            "get_password_data": false,
            "hibernation": false,
            "host_id": null,
            "iam_instance_profile": "",
            "id": "i-01a3f21abe676edb2",
            "instance_initiated_shutdown_behavior": "stop",
            "instance_state": "running",
            "instance_type": "t2.micro",
            "ipv6_address_count": 0,
            "ipv6_addresses": [],
            "key_name": "k8s-cluster-vm-key",
            "launch_template": [],
            "metadata_options": [
              {
                "http_endpoint": "enabled",
                "http_put_response_hop_limit": 1,
                "http_tokens": "optional",
                "instance_metadata_tags": "disabled"
              }
            ],
            "monitoring": false,
            "network_interface": [],
            "outpost_arn": "",
            "password_data": "",
            "placement_group": "",
            "placement_partition_number": null,
            "primary_network_interface_id": "eni-04bbc620967c356f8",
            "private_dns": "ip-10-0-2-40.ap-south-1.compute.internal",
            "private_ip": "10.0.2.40",
            "public_dns": "",
            "public_ip": "3.110.43.209",
            "root_block_device": [
              {
                "delete_on_termination": true,
                "device_name": "/dev/sda1",
                "encrypted": false,
                "iops": 100,
                "kms_key_id": "",
                "tags": null,
                "throughput": 0,
                "volume_id": "vol-09c5d16b9be9162fb",
                "volume_size": 8,
                "volume_type": "gp2"
              }
            ],
            "secondary_private_ips": [],
            "security_groups": [],
            "source_dest_check": true,
            "subnet_id": "subnet-0d6bfb84787874601",
            "tags": {
              "Name": "k8s-Slave1-aws"
            },
            "tags_all": {
              "Name": "k8s-Slave1-aws"
            },
            "tenancy": "default",
            "timeouts": null,
            "user_data": null,
            "user_data_base64": null,
            "volume_tags": null,
            "vpc_security_group_ids": [
              "sg-009503995e016489b"
            ]
          },
          "sensitive_attributes": [],
          "private": "eyJlMmJmYjczMC1lY2FhLTExZTYtOGY4OC0zNDM2M2JjN2M0YzAiOnsiY3JlYXRlIjo2MDAwMDAwMDAwMDAsImRlbGV0ZSI6MTIwMDAwMDAwMDAwMCwidXBkYXRlIjo2MDAwMDAwMDAwMDB9LCJzY2hlbWFfdmVyc2lvbiI6IjEifQ==",
          "dependencies": [
            "module.aws.aws_security_group.secure",
            "module.aws.aws_subnet.mysubnet1",
            "module.aws.aws_vpc.myvpc",
            "module.cluster_key.local_file.privatekey",
            "module.cluster_key.tls_private_key.keypair"
          ]
        }
      ]
    },
    {
      "module": "module.aws",
      "mode": "managed",
      "type": "aws_internet_gateway",
      "name": "myigw",
      "provider": "provider[\"registry.terraform.io/hashicorp/aws\"].myaws",
      "instances": [
        {
          "schema_version": 0,
          "attributes": {
            "arn": "arn:aws:ec2:ap-south-1:328884867008:internet-gateway/igw-0f4f7e90923bd6b37",
            "id": "igw-0f4f7e90923bd6b37",
            "owner_id": "328884867008",
            "tags": {
              "Name": "K8s-igw"
            },
            "tags_all": {
              "Name": "K8s-igw"
            },
            "vpc_id": "vpc-0a6bb518e78d6fdb7"
          },
          "sensitive_attributes": [],
          "private": "bnVsbA==",
          "dependencies": [
            "module.aws.aws_vpc.myvpc",
            "module.cluster_key.local_file.privatekey",
            "module.cluster_key.tls_private_key.keypair"
          ]
        }
      ]
    },
    {
      "module": "module.aws",
      "mode": "managed",
      "type": "aws_key_pair",
      "name": "deployer",
      "provider": "provider[\"registry.terraform.io/hashicorp/aws\"].myaws",
      "instances": [
        {
          "schema_version": 1,
          "attributes": {
            "arn": "arn:aws:ec2:ap-south-1:328884867008:key-pair/k8s-cluster-vm-key",
            "fingerprint": "d7:62:08:cd:86:8c:90:01:76:5e:6a:bc:0f:94:02:1a",
            "id": "k8s-cluster-vm-key",
            "key_name": "k8s-cluster-vm-key",
            "key_name_prefix": "",
            "key_pair_id": "key-05db5a84c183bf80e",
            "public_key": "ssh-rsa AAAAB3NzaC1yc2EAAAADAQABAAACAQDO317UzQuyP40vswhu9a2tZLnbLhjlJPGOoJDXH/RYt8KG3Rs/eojq4nhrkNVugb+dZzLG/vOF8LGTKmZ8BEjZ3rHRoj4I3jrNr1NEToj8ozGHoHKtkkzAVB8bg4BRlwvmvnvdnikj+9qpLvCjBlsDc+sIy86iJeviuU0Kw0qlSLtUyLkls8Hs33SVrSFQu7GRuxCeUlW8xjPJXju5Yhm0xCBCQ3gzALbuN6GkiOoB7yRRlng5YXBeCpzjgHeIGS2Etuzpip/uU834+7wOjSOhsr6H1FjlfpXEzpu8LJZVsH8V+zt885ut/LQ009A7SsrpZwonBOLSzo+vSdthhbhGpHuNeQA4607dESSfqKuV6nv6rEQ6hNpFwDwcmxFkVHseVW0wWfujoVpkcE/aa7Q1IAPodjEhfTAdbfVwrIJrjknoPuapmFXb8k59f2iGpKH2DWOvPk4qM2VwKVeNu+twvcmbHmJUPzhxjIvJwbaPFWrx9vgsso5uN20AcVs4aPkY+UgNigRTo/XzMjrogilZLHsop1xzrhaYZZw+kSVtwJtQDVjV34wTIeXAuscp4hQ6Zp2VnM+Czc9jsGaVpa/MXGc63fn7JStjfqQDpEtOsTPKU0yfk/DU700O/2Th/npEQGu7bUKe7fg6Peat6jSS4mVFnLL5wn/T5SSlmBkPiw==",
            "tags": null,
            "tags_all": {}
          },
          "sensitive_attributes": [],
          "private": "eyJzY2hlbWFfdmVyc2lvbiI6IjEifQ==",
          "dependencies": [
            "module.cluster_key.local_file.privatekey",
            "module.cluster_key.tls_private_key.keypair"
          ]
        }
      ]
    },
    {
      "module": "module.aws",
      "mode": "managed",
      "type": "aws_route_table",
      "name": "rtable",
      "provider": "provider[\"registry.terraform.io/hashicorp/aws\"].myaws",
      "instances": [
        {
          "schema_version": 0,
          "attributes": {
            "arn": "arn:aws:ec2:ap-south-1:328884867008:route-table/rtb-0ba5b54fe24b8ec9e",
            "id": "rtb-0ba5b54fe24b8ec9e",
            "owner_id": "328884867008",
            "propagating_vgws": [],
            "route": [
              {
                "carrier_gateway_id": "",
                "cidr_block": "0.0.0.0/0",
                "destination_prefix_list_id": "",
                "egress_only_gateway_id": "",
                "gateway_id": "igw-0f4f7e90923bd6b37",
                "instance_id": "",
                "ipv6_cidr_block": "",
                "local_gateway_id": "",
                "nat_gateway_id": "",
                "network_interface_id": "",
                "transit_gateway_id": "",
                "vpc_endpoint_id": "",
                "vpc_peering_connection_id": ""
              }
            ],
            "tags": {
              "Name": "Custom-route-table"
            },
            "tags_all": {
              "Name": "Custom-route-table"
            },
            "timeouts": null,
            "vpc_id": "vpc-0a6bb518e78d6fdb7"
          },
          "sensitive_attributes": [],
          "private": "eyJlMmJmYjczMC1lY2FhLTExZTYtOGY4OC0zNDM2M2JjN2M0YzAiOnsiY3JlYXRlIjozMDAwMDAwMDAwMDAsImRlbGV0ZSI6MzAwMDAwMDAwMDAwLCJ1cGRhdGUiOjEyMDAwMDAwMDAwMH19",
          "dependencies": [
            "module.aws.aws_internet_gateway.myigw",
            "module.aws.aws_vpc.myvpc",
            "module.cluster_key.local_file.privatekey",
            "module.cluster_key.tls_private_key.keypair"
          ]
        }
      ]
    },
    {
      "module": "module.aws",
      "mode": "managed",
      "type": "aws_route_table_association",
      "name": "rt_association",
      "provider": "provider[\"registry.terraform.io/hashicorp/aws\"].myaws",
      "instances": [
        {
          "schema_version": 0,
          "attributes": {
            "gateway_id": "",
            "id": "rtbassoc-0ba8dde5dc4c25030",
            "route_table_id": "rtb-0ba5b54fe24b8ec9e",
            "subnet_id": "subnet-0d6bfb84787874601"
          },
          "sensitive_attributes": [],
          "private": "bnVsbA==",
          "dependencies": [
            "module.aws.aws_internet_gateway.myigw",
            "module.aws.aws_route_table.rtable",
            "module.aws.aws_subnet.mysubnet1",
            "module.aws.aws_vpc.myvpc",
            "module.cluster_key.local_file.privatekey",
            "module.cluster_key.tls_private_key.keypair"
          ]
        }
      ]
    },
    {
      "module": "module.aws",
      "mode": "managed",
      "type": "aws_security_group",
      "name": "secure",
      "provider": "provider[\"registry.terraform.io/hashicorp/aws\"].myaws",
      "instances": [
        {
          "schema_version": 1,
          "attributes": {
            "arn": "arn:aws:ec2:ap-south-1:328884867008:security-group/sg-009503995e016489b",
            "description": "Allow HTTP, SSH inbound traffic",
            "egress": [
              {
                "cidr_blocks": [
                  "0.0.0.0/0"
                ],
                "description": "",
                "from_port": 0,
                "ipv6_cidr_blocks": [],
                "prefix_list_ids": [],
                "protocol": "-1",
                "security_groups": [],
                "self": false,
                "to_port": 0
              }
            ],
            "id": "sg-009503995e016489b",
            "ingress": [
              {
                "cidr_blocks": [
                  "0.0.0.0/0"
                ],
                "description": "all",
                "from_port": 0,
                "ipv6_cidr_blocks": [],
                "prefix_list_ids": [],
                "protocol": "-1",
                "security_groups": [],
                "self": false,
                "to_port": 0
              },
              {
                "cidr_blocks": [
                  "0.0.0.0/0"
                ],
                "description": "http",
                "from_port": 80,
                "ipv6_cidr_blocks": [],
                "prefix_list_ids": [],
                "protocol": "tcp",
                "security_groups": [],
                "self": false,
                "to_port": 80
              },
              {
                "cidr_blocks": [
                  "0.0.0.0/0"
                ],
                "description": "ping",
                "from_port": 0,
                "ipv6_cidr_blocks": [],
                "prefix_list_ids": [],
                "protocol": "icmp",
                "security_groups": [],
                "self": false,
                "to_port": -1
              },
              {
                "cidr_blocks": [
                  "0.0.0.0/0"
                ],
                "description": "ssh",
                "from_port": 22,
                "ipv6_cidr_blocks": [],
                "prefix_list_ids": [],
                "protocol": "tcp",
                "security_groups": [],
                "self": false,
                "to_port": 22
              }
            ],
            "name": "secure",
            "name_prefix": "",
            "owner_id": "328884867008",
            "revoke_rules_on_delete": false,
            "tags": {
              "Name": "security-wizard"
            },
            "tags_all": {
              "Name": "security-wizard"
            },
            "timeouts": null,
            "vpc_id": "vpc-0a6bb518e78d6fdb7"
          },
          "sensitive_attributes": [],
          "private": "eyJlMmJmYjczMC1lY2FhLTExZTYtOGY4OC0zNDM2M2JjN2M0YzAiOnsiY3JlYXRlIjo2MDAwMDAwMDAwMDAsImRlbGV0ZSI6OTAwMDAwMDAwMDAwfSwic2NoZW1hX3ZlcnNpb24iOiIxIn0=",
          "dependencies": [
            "module.aws.aws_vpc.myvpc",
            "module.cluster_key.local_file.privatekey",
            "module.cluster_key.tls_private_key.keypair"
          ]
        }
      ]
    },
    {
      "module": "module.aws",
      "mode": "managed",
      "type": "aws_subnet",
      "name": "mysubnet1",
      "provider": "provider[\"registry.terraform.io/hashicorp/aws\"].myaws",
      "instances": [
        {
          "schema_version": 1,
          "attributes": {
            "arn": "arn:aws:ec2:ap-south-1:328884867008:subnet/subnet-0d6bfb84787874601",
            "assign_ipv6_address_on_creation": false,
            "availability_zone": "ap-south-1b",
            "availability_zone_id": "aps1-az3",
            "cidr_block": "10.0.2.0/24",
            "customer_owned_ipv4_pool": "",
            "enable_dns64": false,
            "enable_resource_name_dns_a_record_on_launch": false,
            "enable_resource_name_dns_aaaa_record_on_launch": false,
            "id": "subnet-0d6bfb84787874601",
            "ipv6_cidr_block": "",
            "ipv6_cidr_block_association_id": "",
            "ipv6_native": false,
            "map_customer_owned_ip_on_launch": false,
            "map_public_ip_on_launch": true,
            "outpost_arn": "",
            "owner_id": "328884867008",
            "private_dns_hostname_type_on_launch": "ip-name",
            "tags": {
              "Name": "subnet1_mnkc_project"
            },
            "tags_all": {
              "Name": "subnet1_mnkc_project"
            },
            "timeouts": null,
            "vpc_id": "vpc-0a6bb518e78d6fdb7"
          },
          "sensitive_attributes": [],
          "private": "eyJlMmJmYjczMC1lY2FhLTExZTYtOGY4OC0zNDM2M2JjN2M0YzAiOnsiY3JlYXRlIjo2MDAwMDAwMDAwMDAsImRlbGV0ZSI6MTIwMDAwMDAwMDAwMH0sInNjaGVtYV92ZXJzaW9uIjoiMSJ9",
          "dependencies": [
            "module.aws.aws_vpc.myvpc",
            "module.cluster_key.local_file.privatekey",
            "module.cluster_key.tls_private_key.keypair"
          ]
        }
      ]
    },
    {
      "module": "module.aws",
      "mode": "managed",
      "type": "aws_vpc",
      "name": "myvpc",
      "provider": "provider[\"registry.terraform.io/hashicorp/aws\"].myaws",
      "instances": [
        {
          "schema_version": 1,
          "attributes": {
            "arn": "arn:aws:ec2:ap-south-1:328884867008:vpc/vpc-0a6bb518e78d6fdb7",
            "assign_generated_ipv6_cidr_block": false,
            "cidr_block": "10.0.0.0/16",
            "default_network_acl_id": "acl-0a272250d51e9d6c7",
            "default_route_table_id": "rtb-004e17bf9542ad140",
            "default_security_group_id": "sg-04856f4f54f8297e9",
            "dhcp_options_id": "dopt-1a946f71",
            "enable_classiclink": null,
            "enable_classiclink_dns_support": null,
            "enable_dns_hostnames": false,
            "enable_dns_support": true,
            "id": "vpc-0a6bb518e78d6fdb7",
            "instance_tenancy": "default",
            "ipv4_ipam_pool_id": null,
            "ipv4_netmask_length": null,
            "ipv6_association_id": "",
            "ipv6_cidr_block": "",
            "ipv6_cidr_block_network_border_group": null,
            "ipv6_ipam_pool_id": null,
            "ipv6_netmask_length": null,
            "main_route_table_id": "rtb-004e17bf9542ad140",
            "owner_id": "328884867008",
            "tags": {
              "Name": "aws_vpc_mnkc_project"
            },
            "tags_all": {
              "Name": "aws_vpc_mnkc_project"
            }
          },
          "sensitive_attributes": [],
          "private": "eyJzY2hlbWFfdmVyc2lvbiI6IjEifQ==",
          "dependencies": [
            "module.cluster_key.local_file.privatekey",
            "module.cluster_key.tls_private_key.keypair"
          ]
        }
      ]
    },
    {
      "module": "module.azure",
      "mode": "managed",
      "type": "azurerm_linux_virtual_machine",
      "name": "azure_slave_vm",
      "provider": "provider[\"registry.terraform.io/hashicorp/azurerm\"].myazure",
      "instances": [
        {
          "schema_version": 0,
          "attributes": {
            "additional_capabilities": [],
            "admin_password": "Akhil29@",
            "admin_ssh_key": [
              {
                "public_key": "ssh-rsa AAAAB3NzaC1yc2EAAAADAQABAAACAQDO317UzQuyP40vswhu9a2tZLnbLhjlJPGOoJDXH/RYt8KG3Rs/eojq4nhrkNVugb+dZzLG/vOF8LGTKmZ8BEjZ3rHRoj4I3jrNr1NEToj8ozGHoHKtkkzAVB8bg4BRlwvmvnvdnikj+9qpLvCjBlsDc+sIy86iJeviuU0Kw0qlSLtUyLkls8Hs33SVrSFQu7GRuxCeUlW8xjPJXju5Yhm0xCBCQ3gzALbuN6GkiOoB7yRRlng5YXBeCpzjgHeIGS2Etuzpip/uU834+7wOjSOhsr6H1FjlfpXEzpu8LJZVsH8V+zt885ut/LQ009A7SsrpZwonBOLSzo+vSdthhbhGpHuNeQA4607dESSfqKuV6nv6rEQ6hNpFwDwcmxFkVHseVW0wWfujoVpkcE/aa7Q1IAPodjEhfTAdbfVwrIJrjknoPuapmFXb8k59f2iGpKH2DWOvPk4qM2VwKVeNu+twvcmbHmJUPzhxjIvJwbaPFWrx9vgsso5uN20AcVs4aPkY+UgNigRTo/XzMjrogilZLHsop1xzrhaYZZw+kSVtwJtQDVjV34wTIeXAuscp4hQ6Zp2VnM+Czc9jsGaVpa/MXGc63fn7JStjfqQDpEtOsTPKU0yfk/DU700O/2Th/npEQGu7bUKe7fg6Peat6jSS4mVFnLL5wn/T5SSlmBkPiw==\n",
                "username": "akhil"
              }
            ],
            "admin_username": "akhil",
            "allow_extension_operations": true,
            "availability_set_id": "",
            "boot_diagnostics": [],
            "computer_name": "azure-slave",
            "custom_data": null,
            "dedicated_host_id": "",
            "disable_password_authentication": false,
            "encryption_at_host_enabled": false,
            "eviction_policy": "",
            "extensions_time_budget": "PT1H30M",
            "id": "/subscriptions/6c8c8a7b-6023-4b39-8f24-f8aa195e268b/resourceGroups/mnkc_rg/providers/Microsoft.Compute/virtualMachines/azure_slave2",
            "identity": [],
            "license_type": "",
            "location": "centralindia",
            "max_bid_price": -1,
            "name": "azure_slave2",
            "network_interface_ids": [
              "/subscriptions/6c8c8a7b-6023-4b39-8f24-f8aa195e268b/resourceGroups/mnkc_rg/providers/Microsoft.Network/networkInterfaces/slave1-nic"
            ],
            "os_disk": [
              {
                "caching": "ReadWrite",
                "diff_disk_settings": [],
                "disk_encryption_set_id": "",
                "disk_size_gb": 70,
                "name": "vm_disk",
                "storage_account_type": "Standard_LRS",
                "write_accelerator_enabled": false
              }
            ],
            "patch_mode": "ImageDefault",
            "plan": [],
            "platform_fault_domain": -1,
            "priority": "Regular",
            "private_ip_address": "192.168.1.4",
            "private_ip_addresses": [
              "192.168.1.4"
            ],
            "provision_vm_agent": true,
            "proximity_placement_group_id": "",
            "public_ip_address": "104.211.96.164",
            "public_ip_addresses": [
              "104.211.96.164"
            ],
            "resource_group_name": "mnkc_rg",
            "secret": [],
            "secure_boot_enabled": false,
            "size": "Standard_F2",
            "source_image_id": "",
            "source_image_reference": [
              {
                "offer": "Centos",
                "publisher": "OpenLogic",
                "sku": "7.5",
                "version": "latest"
              }
            ],
            "tags": {
              "Name": "k8s-slave-azure"
            },
            "timeouts": null,
            "user_data": "",
            "virtual_machine_id": "dcf68957-2f6d-4986-b343-8823ba95a65b",
            "virtual_machine_scale_set_id": "",
            "vtpm_enabled": false,
            "zone": ""
          },
          "sensitive_attributes": [],
          "private": "eyJlMmJmYjczMC1lY2FhLTExZTYtOGY4OC0zNDM2M2JjN2M0YzAiOnsiY3JlYXRlIjoyNzAwMDAwMDAwMDAwLCJkZWxldGUiOjI3MDAwMDAwMDAwMDAsInJlYWQiOjMwMDAwMDAwMDAwMCwidXBkYXRlIjoyNzAwMDAwMDAwMDAwfX0=",
          "dependencies": [
            "module.azure.azurerm_network_interface.vm_nic",
            "module.azure.azurerm_public_ip.vm_pubip",
            "module.azure.azurerm_resource_group.myrg",
            "module.azure.azurerm_subnet.vm_subnet",
            "module.azure.azurerm_virtual_network.vpc",
            "module.cluster_key.local_file.privatekey",
            "module.cluster_key.tls_private_key.keypair"
          ]
        }
      ]
    },
    {
      "module": "module.azure",
      "mode": "managed",
      "type": "azurerm_network_interface",
      "name": "vm_nic",
      "provider": "provider[\"registry.terraform.io/hashicorp/azurerm\"].myazure",
      "instances": [
        {
          "schema_version": 0,
          "attributes": {
            "applied_dns_servers": [],
            "dns_servers": [],
            "enable_accelerated_networking": false,
            "enable_ip_forwarding": true,
            "id": "/subscriptions/6c8c8a7b-6023-4b39-8f24-f8aa195e268b/resourceGroups/mnkc_rg/providers/Microsoft.Network/networkInterfaces/slave1-nic",
            "internal_dns_name_label": "",
            "internal_domain_name_suffix": "25bute3re3uuhpbxqflculprrb.rx.internal.cloudapp.net",
            "ip_configuration": [
              {
                "gateway_load_balancer_frontend_ip_configuration_id": "",
                "name": "internal",
                "primary": true,
                "private_ip_address": "192.168.1.4",
                "private_ip_address_allocation": "Dynamic",
                "private_ip_address_version": "IPv4",
                "public_ip_address_id": "/subscriptions/6c8c8a7b-6023-4b39-8f24-f8aa195e268b/resourceGroups/mnkc_rg/providers/Microsoft.Network/publicIPAddresses/acceptanceTestPublicIp1",
                "subnet_id": "/subscriptions/6c8c8a7b-6023-4b39-8f24-f8aa195e268b/resourceGroups/mnkc_rg/providers/Microsoft.Network/virtualNetworks/vpc/subnets/subnet1"
              }
            ],
            "location": "centralindia",
            "mac_address": "",
            "name": "slave1-nic",
            "private_ip_address": "192.168.1.4",
            "private_ip_addresses": [
              "192.168.1.4"
            ],
            "resource_group_name": "mnkc_rg",
            "tags": null,
            "timeouts": null,
            "virtual_machine_id": ""
          },
          "sensitive_attributes": [],
          "private": "eyJlMmJmYjczMC1lY2FhLTExZTYtOGY4OC0zNDM2M2JjN2M0YzAiOnsiY3JlYXRlIjoxODAwMDAwMDAwMDAwLCJkZWxldGUiOjE4MDAwMDAwMDAwMDAsInJlYWQiOjMwMDAwMDAwMDAwMCwidXBkYXRlIjoxODAwMDAwMDAwMDAwfX0=",
          "dependencies": [
            "module.azure.azurerm_public_ip.vm_pubip",
            "module.azure.azurerm_resource_group.myrg",
            "module.azure.azurerm_subnet.vm_subnet",
            "module.azure.azurerm_virtual_network.vpc",
            "module.cluster_key.local_file.privatekey",
            "module.cluster_key.tls_private_key.keypair"
          ]
        }
      ]
    },
    {
      "module": "module.azure",
      "mode": "managed",
      "type": "azurerm_network_security_group",
      "name": "vm_sg",
      "provider": "provider[\"registry.terraform.io/hashicorp/azurerm\"].myazure",
      "instances": [
        {
          "schema_version": 0,
          "attributes": {
            "id": "/subscriptions/6c8c8a7b-6023-4b39-8f24-f8aa195e268b/resourceGroups/mnkc_rg/providers/Microsoft.Network/networkSecurityGroups/security_wizard",
            "location": "centralindia",
            "name": "security_wizard",
            "resource_group_name": "mnkc_rg",
            "security_rule": [],
            "tags": {
              "Name": "security_wizard"
            },
            "timeouts": null
          },
          "sensitive_attributes": [],
          "private": "eyJlMmJmYjczMC1lY2FhLTExZTYtOGY4OC0zNDM2M2JjN2M0YzAiOnsiY3JlYXRlIjoxODAwMDAwMDAwMDAwLCJkZWxldGUiOjE4MDAwMDAwMDAwMDAsInJlYWQiOjMwMDAwMDAwMDAwMCwidXBkYXRlIjoxODAwMDAwMDAwMDAwfX0=",
          "dependencies": [
            "module.azure.azurerm_resource_group.myrg",
            "module.cluster_key.local_file.privatekey",
            "module.cluster_key.tls_private_key.keypair"
          ]
        }
      ]
    },
    {
      "module": "module.azure",
      "mode": "managed",
      "type": "azurerm_network_security_rule",
      "name": "sgrule1",
      "provider": "provider[\"registry.terraform.io/hashicorp/azurerm\"].myazure",
      "instances": [
        {
          "schema_version": 0,
          "attributes": {
            "access": "Allow",
            "description": "",
            "destination_address_prefix": "*",
            "destination_address_prefixes": null,
            "destination_application_security_group_ids": null,
            "destination_port_range": "*",
            "destination_port_ranges": null,
            "direction": "Inbound",
            "id": "/subscriptions/6c8c8a7b-6023-4b39-8f24-f8aa195e268b/resourceGroups/mnkc_rg/providers/Microsoft.Network/networkSecurityGroups/security_wizard/securityRules/allow-ssh",
            "name": "allow-ssh",
            "network_security_group_name": "security_wizard",
            "priority": 100,
            "protocol": "Tcp",
            "resource_group_name": "mnkc_rg",
            "source_address_prefix": "*",
            "source_address_prefixes": null,
            "source_application_security_group_ids": null,
            "source_port_range": "22",
            "source_port_ranges": null,
            "timeouts": null
          },
          "sensitive_attributes": [],
          "private": "eyJlMmJmYjczMC1lY2FhLTExZTYtOGY4OC0zNDM2M2JjN2M0YzAiOnsiY3JlYXRlIjoxODAwMDAwMDAwMDAwLCJkZWxldGUiOjE4MDAwMDAwMDAwMDAsInJlYWQiOjMwMDAwMDAwMDAwMCwidXBkYXRlIjoxODAwMDAwMDAwMDAwfX0=",
          "dependencies": [
            "module.azure.azurerm_network_security_group.vm_sg",
            "module.azure.azurerm_resource_group.myrg",
            "module.cluster_key.local_file.privatekey",
            "module.cluster_key.tls_private_key.keypair"
          ]
        }
      ]
    },
    {
      "module": "module.azure",
      "mode": "managed",
      "type": "azurerm_network_security_rule",
      "name": "sgrule2",
      "provider": "provider[\"registry.terraform.io/hashicorp/azurerm\"].myazure",
      "instances": [
        {
          "schema_version": 0,
          "attributes": {
            "access": "Allow",
            "description": "",
            "destination_address_prefix": "*",
            "destination_address_prefixes": null,
            "destination_application_security_group_ids": null,
            "destination_port_range": "*",
            "destination_port_ranges": null,
            "direction": "Inbound",
            "id": "/subscriptions/6c8c8a7b-6023-4b39-8f24-f8aa195e268b/resourceGroups/mnkc_rg/providers/Microsoft.Network/networkSecurityGroups/security_wizard/securityRules/allow-http",
            "name": "allow-http",
            "network_security_group_name": "security_wizard",
            "priority": 101,
            "protocol": "Tcp",
            "resource_group_name": "mnkc_rg",
            "source_address_prefix": "*",
            "source_address_prefixes": null,
            "source_application_security_group_ids": null,
            "source_port_range": "80",
            "source_port_ranges": null,
            "timeouts": null
          },
          "sensitive_attributes": [],
          "private": "eyJlMmJmYjczMC1lY2FhLTExZTYtOGY4OC0zNDM2M2JjN2M0YzAiOnsiY3JlYXRlIjoxODAwMDAwMDAwMDAwLCJkZWxldGUiOjE4MDAwMDAwMDAwMDAsInJlYWQiOjMwMDAwMDAwMDAwMCwidXBkYXRlIjoxODAwMDAwMDAwMDAwfX0=",
          "dependencies": [
            "module.azure.azurerm_network_security_group.vm_sg",
            "module.azure.azurerm_resource_group.myrg",
            "module.cluster_key.local_file.privatekey",
            "module.cluster_key.tls_private_key.keypair"
          ]
        }
      ]
    },
    {
      "module": "module.azure",
      "mode": "managed",
      "type": "azurerm_network_security_rule",
      "name": "sgrule3",
      "provider": "provider[\"registry.terraform.io/hashicorp/azurerm\"].myazure",
      "instances": [
        {
          "schema_version": 0,
          "attributes": {
            "access": "Allow",
            "description": "",
            "destination_address_prefix": "*",
            "destination_address_prefixes": null,
            "destination_application_security_group_ids": null,
            "destination_port_range": "*",
            "destination_port_ranges": null,
            "direction": "Inbound",
            "id": "/subscriptions/6c8c8a7b-6023-4b39-8f24-f8aa195e268b/resourceGroups/mnkc_rg/providers/Microsoft.Network/networkSecurityGroups/security_wizard/securityRules/k8s-1",
            "name": "k8s-1",
            "network_security_group_name": "security_wizard",
            "priority": 102,
            "protocol": "Tcp",
            "resource_group_name": "mnkc_rg",
            "source_address_prefix": "*",
            "source_address_prefixes": null,
            "source_application_security_group_ids": null,
            "source_port_range": "6443",
            "source_port_ranges": null,
            "timeouts": null
          },
          "sensitive_attributes": [],
          "private": "eyJlMmJmYjczMC1lY2FhLTExZTYtOGY4OC0zNDM2M2JjN2M0YzAiOnsiY3JlYXRlIjoxODAwMDAwMDAwMDAwLCJkZWxldGUiOjE4MDAwMDAwMDAwMDAsInJlYWQiOjMwMDAwMDAwMDAwMCwidXBkYXRlIjoxODAwMDAwMDAwMDAwfX0=",
          "dependencies": [
            "module.azure.azurerm_network_security_group.vm_sg",
            "module.azure.azurerm_resource_group.myrg",
            "module.cluster_key.local_file.privatekey",
            "module.cluster_key.tls_private_key.keypair"
          ]
        }
      ]
    },
    {
      "module": "module.azure",
      "mode": "managed",
      "type": "azurerm_network_security_rule",
      "name": "sgrule4",
      "provider": "provider[\"registry.terraform.io/hashicorp/azurerm\"].myazure",
      "instances": [
        {
          "schema_version": 0,
          "attributes": {
            "access": "Allow",
            "description": "",
            "destination_address_prefix": "*",
            "destination_address_prefixes": null,
            "destination_application_security_group_ids": null,
            "destination_port_range": "*",
            "destination_port_ranges": null,
            "direction": "Inbound",
            "id": "/subscriptions/6c8c8a7b-6023-4b39-8f24-f8aa195e268b/resourceGroups/mnkc_rg/providers/Microsoft.Network/networkSecurityGroups/security_wizard/securityRules/k8s-2",
            "name": "k8s-2",
            "network_security_group_name": "security_wizard",
            "priority": 103,
            "protocol": "Tcp",
            "resource_group_name": "mnkc_rg",
            "source_address_prefix": "*",
            "source_address_prefixes": null,
            "source_application_security_group_ids": null,
            "source_port_range": "8080",
            "source_port_ranges": null,
            "timeouts": null
          },
          "sensitive_attributes": [],
          "private": "eyJlMmJmYjczMC1lY2FhLTExZTYtOGY4OC0zNDM2M2JjN2M0YzAiOnsiY3JlYXRlIjoxODAwMDAwMDAwMDAwLCJkZWxldGUiOjE4MDAwMDAwMDAwMDAsInJlYWQiOjMwMDAwMDAwMDAwMCwidXBkYXRlIjoxODAwMDAwMDAwMDAwfX0=",
          "dependencies": [
            "module.azure.azurerm_network_security_group.vm_sg",
            "module.azure.azurerm_resource_group.myrg",
            "module.cluster_key.local_file.privatekey",
            "module.cluster_key.tls_private_key.keypair"
          ]
        }
      ]
    },
    {
      "module": "module.azure",
      "mode": "managed",
      "type": "azurerm_network_security_rule",
      "name": "sgrule5",
      "provider": "provider[\"registry.terraform.io/hashicorp/azurerm\"].myazure",
      "instances": [
        {
          "schema_version": 0,
          "attributes": {
            "access": "Allow",
            "description": "",
            "destination_address_prefix": "*",
            "destination_address_prefixes": null,
            "destination_application_security_group_ids": null,
            "destination_port_range": "*",
            "destination_port_ranges": null,
            "direction": "Inbound",
            "id": "/subscriptions/6c8c8a7b-6023-4b39-8f24-f8aa195e268b/resourceGroups/mnkc_rg/providers/Microsoft.Network/networkSecurityGroups/security_wizard/securityRules/ping",
            "name": "ping",
            "network_security_group_name": "security_wizard",
            "priority": 104,
            "protocol": "Icmp",
            "resource_group_name": "mnkc_rg",
            "source_address_prefix": "*",
            "source_address_prefixes": null,
            "source_application_security_group_ids": null,
            "source_port_range": "*",
            "source_port_ranges": null,
            "timeouts": null
          },
          "sensitive_attributes": [],
          "private": "eyJlMmJmYjczMC1lY2FhLTExZTYtOGY4OC0zNDM2M2JjN2M0YzAiOnsiY3JlYXRlIjoxODAwMDAwMDAwMDAwLCJkZWxldGUiOjE4MDAwMDAwMDAwMDAsInJlYWQiOjMwMDAwMDAwMDAwMCwidXBkYXRlIjoxODAwMDAwMDAwMDAwfX0=",
          "dependencies": [
            "module.azure.azurerm_network_security_group.vm_sg",
            "module.azure.azurerm_resource_group.myrg",
            "module.cluster_key.local_file.privatekey",
            "module.cluster_key.tls_private_key.keypair"
          ]
        }
      ]
    },
    {
      "module": "module.azure",
      "mode": "managed",
      "type": "azurerm_network_security_rule",
      "name": "sgrule6",
      "provider": "provider[\"registry.terraform.io/hashicorp/azurerm\"].myazure",
      "instances": [
        {
          "schema_version": 0,
          "attributes": {
            "access": "Allow",
            "description": "",
            "destination_address_prefix": "*",
            "destination_address_prefixes": null,
            "destination_application_security_group_ids": null,
            "destination_port_range": "*",
            "destination_port_ranges": null,
            "direction": "Outbound",
            "id": "/subscriptions/6c8c8a7b-6023-4b39-8f24-f8aa195e268b/resourceGroups/mnkc_rg/providers/Microsoft.Network/networkSecurityGroups/security_wizard/securityRules/egress",
            "name": "egress",
            "network_security_group_name": "security_wizard",
            "priority": 100,
            "protocol": "*",
            "resource_group_name": "mnkc_rg",
            "source_address_prefix": "*",
            "source_address_prefixes": null,
            "source_application_security_group_ids": null,
            "source_port_range": "*",
            "source_port_ranges": null,
            "timeouts": null
          },
          "sensitive_attributes": [],
          "private": "eyJlMmJmYjczMC1lY2FhLTExZTYtOGY4OC0zNDM2M2JjN2M0YzAiOnsiY3JlYXRlIjoxODAwMDAwMDAwMDAwLCJkZWxldGUiOjE4MDAwMDAwMDAwMDAsInJlYWQiOjMwMDAwMDAwMDAwMCwidXBkYXRlIjoxODAwMDAwMDAwMDAwfX0=",
          "dependencies": [
            "module.azure.azurerm_network_security_group.vm_sg",
            "module.azure.azurerm_resource_group.myrg",
            "module.cluster_key.local_file.privatekey",
            "module.cluster_key.tls_private_key.keypair"
          ]
        }
      ]
    },
    {
      "module": "module.azure",
      "mode": "managed",
      "type": "azurerm_public_ip",
      "name": "azure_pubip1",
      "provider": "provider[\"registry.terraform.io/hashicorp/azurerm\"].myazure",
      "instances": [
        {
          "schema_version": 0,
          "attributes": {
            "allocation_method": "Static",
            "availability_zone": "No-Zone",
            "domain_name_label": null,
            "fqdn": null,
            "id": "/subscriptions/6c8c8a7b-6023-4b39-8f24-f8aa195e268b/resourceGroups/mnkc_rg/providers/Microsoft.Network/publicIPAddresses/publicIPforVPN",
            "idle_timeout_in_minutes": 4,
            "ip_address": "104.211.89.128",
            "ip_tags": null,
            "ip_version": "IPv4",
            "location": "centralindia",
            "name": "publicIPforVPN",
            "public_ip_prefix_id": null,
            "resource_group_name": "mnkc_rg",
            "reverse_fqdn": null,
            "sku": "Basic",
            "sku_tier": "Regional",
            "tags": null,
            "timeouts": null,
            "zones": []
          },
          "sensitive_attributes": [],
          "private": "eyJlMmJmYjczMC1lY2FhLTExZTYtOGY4OC0zNDM2M2JjN2M0YzAiOnsiY3JlYXRlIjoxODAwMDAwMDAwMDAwLCJkZWxldGUiOjE4MDAwMDAwMDAwMDAsInJlYWQiOjMwMDAwMDAwMDAwMCwidXBkYXRlIjoxODAwMDAwMDAwMDAwfX0=",
          "dependencies": [
            "module.azure.azurerm_resource_group.myrg",
            "module.cluster_key.local_file.privatekey",
            "module.cluster_key.tls_private_key.keypair"
          ]
        }
      ]
    },
    {
      "module": "module.azure",
      "mode": "managed",
      "type": "azurerm_public_ip",
      "name": "vm_pubip",
      "provider": "provider[\"registry.terraform.io/hashicorp/azurerm\"].myazure",
      "instances": [
        {
          "schema_version": 0,
          "attributes": {
            "allocation_method": "Dynamic",
            "availability_zone": "No-Zone",
            "domain_name_label": null,
            "fqdn": null,
            "id": "/subscriptions/6c8c8a7b-6023-4b39-8f24-f8aa195e268b/resourceGroups/mnkc_rg/providers/Microsoft.Network/publicIPAddresses/acceptanceTestPublicIp1",
            "idle_timeout_in_minutes": 4,
            "ip_address": "",
            "ip_tags": null,
            "ip_version": "IPv4",
            "location": "centralindia",
            "name": "acceptanceTestPublicIp1",
            "public_ip_prefix_id": null,
            "resource_group_name": "mnkc_rg",
            "reverse_fqdn": null,
            "sku": "Basic",
            "sku_tier": "Regional",
            "tags": {
              "Name": "slavevm-ip"
            },
            "timeouts": null,
            "zones": []
          },
          "sensitive_attributes": [],
          "private": "eyJlMmJmYjczMC1lY2FhLTExZTYtOGY4OC0zNDM2M2JjN2M0YzAiOnsiY3JlYXRlIjoxODAwMDAwMDAwMDAwLCJkZWxldGUiOjE4MDAwMDAwMDAwMDAsInJlYWQiOjMwMDAwMDAwMDAwMCwidXBkYXRlIjoxODAwMDAwMDAwMDAwfX0=",
          "dependencies": [
            "module.azure.azurerm_resource_group.myrg",
            "module.cluster_key.local_file.privatekey",
            "module.cluster_key.tls_private_key.keypair"
          ]
        }
      ]
    },
    {
      "module": "module.azure",
      "mode": "managed",
      "type": "azurerm_resource_group",
      "name": "myrg",
      "provider": "provider[\"registry.terraform.io/hashicorp/azurerm\"].myazure",
      "instances": [
        {
          "schema_version": 0,
          "attributes": {
            "id": "/subscriptions/6c8c8a7b-6023-4b39-8f24-f8aa195e268b/resourceGroups/mnkc_rg",
            "location": "centralindia",
            "name": "mnkc_rg",
            "tags": null,
            "timeouts": null
          },
          "sensitive_attributes": [],
          "private": "eyJlMmJmYjczMC1lY2FhLTExZTYtOGY4OC0zNDM2M2JjN2M0YzAiOnsiY3JlYXRlIjo1NDAwMDAwMDAwMDAwLCJkZWxldGUiOjU0MDAwMDAwMDAwMDAsInJlYWQiOjMwMDAwMDAwMDAwMCwidXBkYXRlIjo1NDAwMDAwMDAwMDAwfX0=",
          "dependencies": [
            "module.cluster_key.local_file.privatekey",
            "module.cluster_key.tls_private_key.keypair"
          ]
        }
      ]
    },
    {
      "module": "module.azure",
      "mode": "managed",
      "type": "azurerm_ssh_public_key",
      "name": "cluster-key",
      "provider": "provider[\"registry.terraform.io/hashicorp/azurerm\"].myazure",
      "instances": [
        {
          "schema_version": 0,
          "attributes": {
            "id": "/subscriptions/6c8c8a7b-6023-4b39-8f24-f8aa195e268b/resourceGroups/MNKC_RG/providers/Microsoft.Compute/sshPublicKeys/k8s-cluster-vm-key",
            "location": "centralindia",
            "name": "k8s-cluster-vm-key",
            "public_key": "ssh-rsa AAAAB3NzaC1yc2EAAAADAQABAAACAQDO317UzQuyP40vswhu9a2tZLnbLhjlJPGOoJDXH/RYt8KG3Rs/eojq4nhrkNVugb+dZzLG/vOF8LGTKmZ8BEjZ3rHRoj4I3jrNr1NEToj8ozGHoHKtkkzAVB8bg4BRlwvmvnvdnikj+9qpLvCjBlsDc+sIy86iJeviuU0Kw0qlSLtUyLkls8Hs33SVrSFQu7GRuxCeUlW8xjPJXju5Yhm0xCBCQ3gzALbuN6GkiOoB7yRRlng5YXBeCpzjgHeIGS2Etuzpip/uU834+7wOjSOhsr6H1FjlfpXEzpu8LJZVsH8V+zt885ut/LQ009A7SsrpZwonBOLSzo+vSdthhbhGpHuNeQA4607dESSfqKuV6nv6rEQ6hNpFwDwcmxFkVHseVW0wWfujoVpkcE/aa7Q1IAPodjEhfTAdbfVwrIJrjknoPuapmFXb8k59f2iGpKH2DWOvPk4qM2VwKVeNu+twvcmbHmJUPzhxjIvJwbaPFWrx9vgsso5uN20AcVs4aPkY+UgNigRTo/XzMjrogilZLHsop1xzrhaYZZw+kSVtwJtQDVjV34wTIeXAuscp4hQ6Zp2VnM+Czc9jsGaVpa/MXGc63fn7JStjfqQDpEtOsTPKU0yfk/DU700O/2Th/npEQGu7bUKe7fg6Peat6jSS4mVFnLL5wn/T5SSlmBkPiw==\n",
            "resource_group_name": "MNKC_RG",
            "tags": null,
            "timeouts": null
          },
          "sensitive_attributes": [],
          "private": "eyJlMmJmYjczMC1lY2FhLTExZTYtOGY4OC0zNDM2M2JjN2M0YzAiOnsiY3JlYXRlIjoyNzAwMDAwMDAwMDAwLCJkZWxldGUiOjI3MDAwMDAwMDAwMDAsInJlYWQiOjMwMDAwMDAwMDAwMCwidXBkYXRlIjoyNzAwMDAwMDAwMDAwfX0=",
          "dependencies": [
            "module.azure.azurerm_resource_group.myrg",
            "module.cluster_key.local_file.privatekey",
            "module.cluster_key.tls_private_key.keypair"
          ]
        }
      ]
    },
    {
      "module": "module.azure",
      "mode": "managed",
      "type": "azurerm_subnet",
      "name": "vm_subnet",
      "provider": "provider[\"registry.terraform.io/hashicorp/azurerm\"].myazure",
      "instances": [
        {
          "schema_version": 0,
          "attributes": {
            "address_prefix": "192.168.1.0/24",
            "address_prefixes": [
              "192.168.1.0/24"
            ],
            "delegation": [],
            "enforce_private_link_endpoint_network_policies": false,
            "enforce_private_link_service_network_policies": false,
            "id": "/subscriptions/6c8c8a7b-6023-4b39-8f24-f8aa195e268b/resourceGroups/mnkc_rg/providers/Microsoft.Network/virtualNetworks/vpc/subnets/subnet1",
            "name": "subnet1",
            "resource_group_name": "mnkc_rg",
            "service_endpoint_policy_ids": null,
            "service_endpoints": null,
            "timeouts": null,
            "virtual_network_name": "vpc"
          },
          "sensitive_attributes": [],
          "private": "eyJlMmJmYjczMC1lY2FhLTExZTYtOGY4OC0zNDM2M2JjN2M0YzAiOnsiY3JlYXRlIjoxODAwMDAwMDAwMDAwLCJkZWxldGUiOjE4MDAwMDAwMDAwMDAsInJlYWQiOjMwMDAwMDAwMDAwMCwidXBkYXRlIjoxODAwMDAwMDAwMDAwfX0=",
          "dependencies": [
            "module.azure.azurerm_resource_group.myrg",
            "module.azure.azurerm_virtual_network.vpc",
            "module.cluster_key.local_file.privatekey",
            "module.cluster_key.tls_private_key.keypair"
          ]
        }
      ]
    },
    {
      "module": "module.azure",
      "mode": "managed",
      "type": "azurerm_virtual_network",
      "name": "vpc",
      "provider": "provider[\"registry.terraform.io/hashicorp/azurerm\"].myazure",
      "instances": [
        {
          "schema_version": 0,
          "attributes": {
            "address_space": [
              "192.168.0.0/16"
            ],
            "bgp_community": "",
            "ddos_protection_plan": [],
            "dns_servers": [],
            "flow_timeout_in_minutes": 0,
            "guid": "9349c3e7-27b1-4369-bc37-81562a2df189",
            "id": "/subscriptions/6c8c8a7b-6023-4b39-8f24-f8aa195e268b/resourceGroups/mnkc_rg/providers/Microsoft.Network/virtualNetworks/vpc",
            "location": "centralindia",
            "name": "vpc",
            "resource_group_name": "mnkc_rg",
            "subnet": [],
            "tags": {
              "Name": "vpc_mnkc"
            },
            "timeouts": null,
            "vm_protection_enabled": false
          },
          "sensitive_attributes": [],
          "private": "eyJlMmJmYjczMC1lY2FhLTExZTYtOGY4OC0zNDM2M2JjN2M0YzAiOnsiY3JlYXRlIjoxODAwMDAwMDAwMDAwLCJkZWxldGUiOjE4MDAwMDAwMDAwMDAsInJlYWQiOjMwMDAwMDAwMDAwMCwidXBkYXRlIjoxODAwMDAwMDAwMDAwfX0=",
          "dependencies": [
            "module.azure.azurerm_resource_group.myrg",
            "module.cluster_key.local_file.privatekey",
            "module.cluster_key.tls_private_key.keypair"
          ]
        }
      ]
    },
    {
      "module": "module.cluster_key",
      "mode": "managed",
      "type": "local_file",
      "name": "privatekey",
      "provider": "provider[\"registry.terraform.io/hashicorp/local\"]",
      "instances": [
        {
          "schema_version": 0,
          "attributes": {
            "content": "-----BEGIN RSA PRIVATE KEY-----\nMIIJKAIBAAKCAgEAzt9e1M0Lsj+NL7MIbvWtrWS52y4Y5STxjqCQ1x/0WLfCht0b\nP3qI6uJ4a5DVboG/nWcyxv7zhfCxkypmfARI2d6x0aI+CN46za9TRE6I/KMxh6By\nrZJMwFQfG4OAUZcL5r573Z4pI/vaqS7wowZbA3PrCMvOoiXr4rlNCsNKpUi7VMi5\nJbPB7N90la0hULuxkbsQnlJVvMYzyV47uWIZtMQgQkN4MwC27jehpIjqAe8kUZZ4\nOWFwXgqc44B3iBkthLbs6Yqf7lPN+Pu8Do0jobK+h9RY5X6VxM6bvCyWVbB/Ffs7\nfPObrfy0NNPQO0rK6WcKJwTi0s6Pr0nbYYW4RqR7jXkAOOtO3REkn6irlep7+qxE\nOoTaRcA8HJsRZFR7HlVtMFn7o6FaZHBP2mu0NSAD6HYxIX0wHW31cKyCa45J6D7m\nqZhV2/JOfX9ohqSh9g1jrz5OKjNlcClXjbvrcL3Jmx5iVD84cYyLycG2jxVq8fb4\nLLKObjdtAHFbOGj5GPlIDYoEU6P18zI66IIpWSx7KKdcc64WmGWcPpElbcCbUA1Y\n1d+MEyHlwLrHKeIUOmadlZzPgs3PY7BmlaWvzFxnOt35+yUrY36kA6RLTrEzylNM\nn5Pw1O9NDv9k4f56REBru21Cnu34Oj3mreo0kuJlRZyy+cJ/0+UkpZgZD4sCAwEA\nAQKCAgB67TJtoxYjKi5cPLdzL9uvIB5shnzWlNhRF0pZ+qv4l+EowHQziT2YzVAf\nIuYgj0rsXmlG5DKS0Y7DUzuoz+b2R6VEW3MfU+Z/WIJTIZO3A8YnwIjEaR3gX1xI\nviBe2zGAQIpcC2KI9lxdkf398YXdjGEKTgkQQxZjGBcWoStXAdwHKmsSYzmF5tZh\nJoqYbZ+7Z/wdB/HYhbI6Ixu8MfXye2Rr26muLOuGrFoJ6i2bTp43OQFhn2vlBctq\nSGk+3y80IHqw3+Xe+b94ByYdQ3L737nl/qGAZXLbiqXx8FC4xHMP/cTAoAVPIs12\nYrLmuK/Qd6EJxJaAC6xHzcxlq87uYNLGK0JVPmLAkONON3AZAGxiM/oP+hFyy+k6\nZ90ku/d0P14T3GSzm5O6QCqXL5KDICrFfuqZXfuTl1kV55SwIO3PFW4nktsvK6c9\n3na61hUXwjI0intdwr2vostUPHsGt02Mt+S35jZ9xnL2gMNkBREBiRURZsjicWhS\nBAC0/MtroCnvhh+jm5XsMxTdkADRaeN97uTjvR+aFDhZwNL8SOQ4CSmya65wYh4e\nTx3CzGChD4ffwz91jjCSZAhGf1iSayja7uZOtSAMVhHn9ibduaNYc7/NLgHrXLwM\nKmFXGOVSUSaX0FSWEmm/Wpcc2v016ipkx1FmzC7iQAwwsol8aQKCAQEA05ZqS4NV\nmMFDXZNIVcTAcaeXBOiSSnwPOO5/NMfflIaR5jqBJ3BN/tl5FJvUvku7P/KmlKjw\n3eDyKcn4xkiKmmIxWkj9LjK5a9JDdbQrZNk4r1oIundJoJbiS2Xea419/vvrd1Zf\njYM+GYfKVRyfhu+5nEd74LrlHQRwVBvXqmIdh5ItJDx9vEgxzGzRxZjamN6BHkiZ\njdkGMWtGwKLzJU0NCIJY68muN+TSA5uPfXpg4AjXwCn3vYlBK21HbtCQcVX+Hbg+\nXnqN69yjzqZbDeKHxmrJ15cfBMRZHtJe8YK9yej55UtNFHff1Or7UC38LiAa1Mxa\nRfNtStUjUHEQvwKCAQEA+kuYZl3qef0kt9Jfx4EM29BlGPudk+YvPGVFg9h1v3YE\nMgVZviByK19jVEGZDWSRE3RsijMawsm2XCPBd8irDrMybLQLNsj2jgrVVlEyVesU\n8m0h06Nj7btCAoAu1P8Wmk3yFxEBfLAyzjHX1tHs7JBo6eatalkABrcVSEfpID8C\nkqQcIDx7MxADnViL8Kv2lpPJpNbo24ekcMWS0Jp6lMgB5AEAxbYgkfO6y3gv+GNo\n8XuuRKyVv4c7AKWylZDbdRZPxTY3Xc1f0VUn6w5ZTA0LQhrDghLnGlk3T488LYzO\nZVxMzWARtA8HzyfCIMr999beAHdqLtsZMPNps91oNQKCAQB6gz6a6LnYUBcsiIo6\nt0jixjIocm26WSkLQvU+33hy7JRwJXIBHwLaTJvSNgSyBvGuLlcL/uIw5v3w+nRk\ngz5V9AM1jsuiQ1afusi6z47MvwYWamBhb46fQJ5ZH+vwhKXuzXliyQ1cyCBd8gVS\n0NcB766ecbmlvzHIYniUCucOTe9hP1+J+sinC3piLqQr8LyqBTPoEAtxWbc/SClY\ng0GcWIfyZF8Ob+HDlWeRFTK5afHL5vLd3q8G/QFSHt1cqcDpDuyr0rGyTO3+Iuxq\nTGKuoHsThWPHxEX+oZ4kvZSh7Jzt20tO3BIOhvaAt2q621WIc6h1jLm8hR3EVbMz\n8bPLAoIBADOLDb9G59pnPwB72i2Dbdp2d9tFNZYXePK/CCm2kcjzzLlgULLOi7RS\n2GmpeJNBen6/IvryuzgRwfQHiPfZ4yAL1v57tTN6/wsRQA2eevcmihHCV4z1wMZc\nIaPSMdK7FTSBiLEnV18OCehca05ZvKiatIA2eM/FtDOt0DwqUt/JGgaItSIOUnCZ\ng6ULbwYI46bumD/R4fITZNG0Xh+HMGcjKQCDFF2iu+JShs0P2xETp7DS/3g08kGW\n35eqh7Q1OHxMM/Ew0QYIHQtGtgm50rnOldrvGAPZUK4kYTeJD6Nxs6876rUAa6Tg\n04LddSS7qME5Bk6iSMONawqhlcrsdWECggEBANNtAY7QXvZ5bfcTpWaQJF3yn1DK\nAASgbI+sQ5LTzDbfc8fAfxB4Fxx8foDAbMlJaXlgvlCBCodwu1wQSenjeYD6c7mV\nD69u8+1Yd0OT+2CXB4exRvwNVmoGuGRoFDSI/NNvnMkmbRPfArmG7/LWQAPVO6r0\nG6zuQqWpNOzdBlGonLdPiPdNSy1fUWBM8+F0gb6lbqebE/TjXrynN4qTHxYvUE+Q\nDfAcft6EWXAo2aihS19W64cuObqmO+EMruVb3fmgwXL9FZ3YUKZvJYe19tUBM4pc\nEXKiaU3Q91dawUsB+TvR2DScsERjyJQMK2GEy/n0p4RhSvOsIngjIIBjHc4=\n-----END RSA PRIVATE KEY-----\n",
            "content_base64": null,
            "directory_permission": "0777",
            "file_permission": "600",
            "filename": "k8s-cluster-vm-key.pem",
            "id": "52a077777d69a3b28bfec4bc19f19d60e9ac7c30",
            "sensitive_content": null,
            "source": null
          },
          "sensitive_attributes": [
            [
              {
                "type": "get_attr",
                "value": "content"
              }
            ]
          ],
          "private": "bnVsbA==",
          "dependencies": [
            "module.cluster_key.tls_private_key.keypair"
          ]
        }
      ]
    },
    {
      "module": "module.cluster_key",
      "mode": "managed",
      "type": "tls_private_key",
      "name": "keypair",
      "provider": "provider[\"registry.terraform.io/hashicorp/tls\"]",
      "instances": [
        {
          "schema_version": 0,
          "attributes": {
            "algorithm": "RSA",
            "ecdsa_curve": "P224",
            "id": "c449dc8994850fe53e226ba56a9d48bd7879111d",
            "private_key_pem": "-----BEGIN RSA PRIVATE KEY-----\nMIIJKAIBAAKCAgEAzt9e1M0Lsj+NL7MIbvWtrWS52y4Y5STxjqCQ1x/0WLfCht0b\nP3qI6uJ4a5DVboG/nWcyxv7zhfCxkypmfARI2d6x0aI+CN46za9TRE6I/KMxh6By\nrZJMwFQfG4OAUZcL5r573Z4pI/vaqS7wowZbA3PrCMvOoiXr4rlNCsNKpUi7VMi5\nJbPB7N90la0hULuxkbsQnlJVvMYzyV47uWIZtMQgQkN4MwC27jehpIjqAe8kUZZ4\nOWFwXgqc44B3iBkthLbs6Yqf7lPN+Pu8Do0jobK+h9RY5X6VxM6bvCyWVbB/Ffs7\nfPObrfy0NNPQO0rK6WcKJwTi0s6Pr0nbYYW4RqR7jXkAOOtO3REkn6irlep7+qxE\nOoTaRcA8HJsRZFR7HlVtMFn7o6FaZHBP2mu0NSAD6HYxIX0wHW31cKyCa45J6D7m\nqZhV2/JOfX9ohqSh9g1jrz5OKjNlcClXjbvrcL3Jmx5iVD84cYyLycG2jxVq8fb4\nLLKObjdtAHFbOGj5GPlIDYoEU6P18zI66IIpWSx7KKdcc64WmGWcPpElbcCbUA1Y\n1d+MEyHlwLrHKeIUOmadlZzPgs3PY7BmlaWvzFxnOt35+yUrY36kA6RLTrEzylNM\nn5Pw1O9NDv9k4f56REBru21Cnu34Oj3mreo0kuJlRZyy+cJ/0+UkpZgZD4sCAwEA\nAQKCAgB67TJtoxYjKi5cPLdzL9uvIB5shnzWlNhRF0pZ+qv4l+EowHQziT2YzVAf\nIuYgj0rsXmlG5DKS0Y7DUzuoz+b2R6VEW3MfU+Z/WIJTIZO3A8YnwIjEaR3gX1xI\nviBe2zGAQIpcC2KI9lxdkf398YXdjGEKTgkQQxZjGBcWoStXAdwHKmsSYzmF5tZh\nJoqYbZ+7Z/wdB/HYhbI6Ixu8MfXye2Rr26muLOuGrFoJ6i2bTp43OQFhn2vlBctq\nSGk+3y80IHqw3+Xe+b94ByYdQ3L737nl/qGAZXLbiqXx8FC4xHMP/cTAoAVPIs12\nYrLmuK/Qd6EJxJaAC6xHzcxlq87uYNLGK0JVPmLAkONON3AZAGxiM/oP+hFyy+k6\nZ90ku/d0P14T3GSzm5O6QCqXL5KDICrFfuqZXfuTl1kV55SwIO3PFW4nktsvK6c9\n3na61hUXwjI0intdwr2vostUPHsGt02Mt+S35jZ9xnL2gMNkBREBiRURZsjicWhS\nBAC0/MtroCnvhh+jm5XsMxTdkADRaeN97uTjvR+aFDhZwNL8SOQ4CSmya65wYh4e\nTx3CzGChD4ffwz91jjCSZAhGf1iSayja7uZOtSAMVhHn9ibduaNYc7/NLgHrXLwM\nKmFXGOVSUSaX0FSWEmm/Wpcc2v016ipkx1FmzC7iQAwwsol8aQKCAQEA05ZqS4NV\nmMFDXZNIVcTAcaeXBOiSSnwPOO5/NMfflIaR5jqBJ3BN/tl5FJvUvku7P/KmlKjw\n3eDyKcn4xkiKmmIxWkj9LjK5a9JDdbQrZNk4r1oIundJoJbiS2Xea419/vvrd1Zf\njYM+GYfKVRyfhu+5nEd74LrlHQRwVBvXqmIdh5ItJDx9vEgxzGzRxZjamN6BHkiZ\njdkGMWtGwKLzJU0NCIJY68muN+TSA5uPfXpg4AjXwCn3vYlBK21HbtCQcVX+Hbg+\nXnqN69yjzqZbDeKHxmrJ15cfBMRZHtJe8YK9yej55UtNFHff1Or7UC38LiAa1Mxa\nRfNtStUjUHEQvwKCAQEA+kuYZl3qef0kt9Jfx4EM29BlGPudk+YvPGVFg9h1v3YE\nMgVZviByK19jVEGZDWSRE3RsijMawsm2XCPBd8irDrMybLQLNsj2jgrVVlEyVesU\n8m0h06Nj7btCAoAu1P8Wmk3yFxEBfLAyzjHX1tHs7JBo6eatalkABrcVSEfpID8C\nkqQcIDx7MxADnViL8Kv2lpPJpNbo24ekcMWS0Jp6lMgB5AEAxbYgkfO6y3gv+GNo\n8XuuRKyVv4c7AKWylZDbdRZPxTY3Xc1f0VUn6w5ZTA0LQhrDghLnGlk3T488LYzO\nZVxMzWARtA8HzyfCIMr999beAHdqLtsZMPNps91oNQKCAQB6gz6a6LnYUBcsiIo6\nt0jixjIocm26WSkLQvU+33hy7JRwJXIBHwLaTJvSNgSyBvGuLlcL/uIw5v3w+nRk\ngz5V9AM1jsuiQ1afusi6z47MvwYWamBhb46fQJ5ZH+vwhKXuzXliyQ1cyCBd8gVS\n0NcB766ecbmlvzHIYniUCucOTe9hP1+J+sinC3piLqQr8LyqBTPoEAtxWbc/SClY\ng0GcWIfyZF8Ob+HDlWeRFTK5afHL5vLd3q8G/QFSHt1cqcDpDuyr0rGyTO3+Iuxq\nTGKuoHsThWPHxEX+oZ4kvZSh7Jzt20tO3BIOhvaAt2q621WIc6h1jLm8hR3EVbMz\n8bPLAoIBADOLDb9G59pnPwB72i2Dbdp2d9tFNZYXePK/CCm2kcjzzLlgULLOi7RS\n2GmpeJNBen6/IvryuzgRwfQHiPfZ4yAL1v57tTN6/wsRQA2eevcmihHCV4z1wMZc\nIaPSMdK7FTSBiLEnV18OCehca05ZvKiatIA2eM/FtDOt0DwqUt/JGgaItSIOUnCZ\ng6ULbwYI46bumD/R4fITZNG0Xh+HMGcjKQCDFF2iu+JShs0P2xETp7DS/3g08kGW\n35eqh7Q1OHxMM/Ew0QYIHQtGtgm50rnOldrvGAPZUK4kYTeJD6Nxs6876rUAa6Tg\n04LddSS7qME5Bk6iSMONawqhlcrsdWECggEBANNtAY7QXvZ5bfcTpWaQJF3yn1DK\nAASgbI+sQ5LTzDbfc8fAfxB4Fxx8foDAbMlJaXlgvlCBCodwu1wQSenjeYD6c7mV\nD69u8+1Yd0OT+2CXB4exRvwNVmoGuGRoFDSI/NNvnMkmbRPfArmG7/LWQAPVO6r0\nG6zuQqWpNOzdBlGonLdPiPdNSy1fUWBM8+F0gb6lbqebE/TjXrynN4qTHxYvUE+Q\nDfAcft6EWXAo2aihS19W64cuObqmO+EMruVb3fmgwXL9FZ3YUKZvJYe19tUBM4pc\nEXKiaU3Q91dawUsB+TvR2DScsERjyJQMK2GEy/n0p4RhSvOsIngjIIBjHc4=\n-----END RSA PRIVATE KEY-----\n",
            "public_key_fingerprint_md5": "13:e0:0f:7c:30:af:6e:85:0b:ff:92:67:f1:d4:09:21",
            "public_key_openssh": "ssh-rsa AAAAB3NzaC1yc2EAAAADAQABAAACAQDO317UzQuyP40vswhu9a2tZLnbLhjlJPGOoJDXH/RYt8KG3Rs/eojq4nhrkNVugb+dZzLG/vOF8LGTKmZ8BEjZ3rHRoj4I3jrNr1NEToj8ozGHoHKtkkzAVB8bg4BRlwvmvnvdnikj+9qpLvCjBlsDc+sIy86iJeviuU0Kw0qlSLtUyLkls8Hs33SVrSFQu7GRuxCeUlW8xjPJXju5Yhm0xCBCQ3gzALbuN6GkiOoB7yRRlng5YXBeCpzjgHeIGS2Etuzpip/uU834+7wOjSOhsr6H1FjlfpXEzpu8LJZVsH8V+zt885ut/LQ009A7SsrpZwonBOLSzo+vSdthhbhGpHuNeQA4607dESSfqKuV6nv6rEQ6hNpFwDwcmxFkVHseVW0wWfujoVpkcE/aa7Q1IAPodjEhfTAdbfVwrIJrjknoPuapmFXb8k59f2iGpKH2DWOvPk4qM2VwKVeNu+twvcmbHmJUPzhxjIvJwbaPFWrx9vgsso5uN20AcVs4aPkY+UgNigRTo/XzMjrogilZLHsop1xzrhaYZZw+kSVtwJtQDVjV34wTIeXAuscp4hQ6Zp2VnM+Czc9jsGaVpa/MXGc63fn7JStjfqQDpEtOsTPKU0yfk/DU700O/2Th/npEQGu7bUKe7fg6Peat6jSS4mVFnLL5wn/T5SSlmBkPiw==\n",
            "public_key_pem": "-----BEGIN PUBLIC KEY-----\nMIICIjANBgkqhkiG9w0BAQEFAAOCAg8AMIICCgKCAgEAzt9e1M0Lsj+NL7MIbvWt\nrWS52y4Y5STxjqCQ1x/0WLfCht0bP3qI6uJ4a5DVboG/nWcyxv7zhfCxkypmfARI\n2d6x0aI+CN46za9TRE6I/KMxh6ByrZJMwFQfG4OAUZcL5r573Z4pI/vaqS7wowZb\nA3PrCMvOoiXr4rlNCsNKpUi7VMi5JbPB7N90la0hULuxkbsQnlJVvMYzyV47uWIZ\ntMQgQkN4MwC27jehpIjqAe8kUZZ4OWFwXgqc44B3iBkthLbs6Yqf7lPN+Pu8Do0j\nobK+h9RY5X6VxM6bvCyWVbB/Ffs7fPObrfy0NNPQO0rK6WcKJwTi0s6Pr0nbYYW4\nRqR7jXkAOOtO3REkn6irlep7+qxEOoTaRcA8HJsRZFR7HlVtMFn7o6FaZHBP2mu0\nNSAD6HYxIX0wHW31cKyCa45J6D7mqZhV2/JOfX9ohqSh9g1jrz5OKjNlcClXjbvr\ncL3Jmx5iVD84cYyLycG2jxVq8fb4LLKObjdtAHFbOGj5GPlIDYoEU6P18zI66IIp\nWSx7KKdcc64WmGWcPpElbcCbUA1Y1d+MEyHlwLrHKeIUOmadlZzPgs3PY7BmlaWv\nzFxnOt35+yUrY36kA6RLTrEzylNMn5Pw1O9NDv9k4f56REBru21Cnu34Oj3mreo0\nkuJlRZyy+cJ/0+UkpZgZD4sCAwEAAQ==\n-----END PUBLIC KEY-----\n",
            "rsa_bits": 4096
          },
          "sensitive_attributes": [],
          "private": "bnVsbA=="
        }
      ]
    },
    {
      "module": "module.git",
      "mode": "managed",
      "type": "github_repository_file",
      "name": "inventoryfile",
      "provider": "module.git.provider[\"registry.terraform.io/hashicorp/github\"]",
      "instances": [
        {
          "schema_version": 0,
          "attributes": {
            "branch": "main",
            "commit_author": "Akhilesh Jain",
            "commit_email": "akhileshjain9221@gmail.com",
            "commit_message": "Ansible Inventory file updated",
            "commit_sha": "c8b6e9af44c54edfe6a83a56a7e1e007cfef1af9",
            "content": "[aws_master]\n13.233.155.181 ansible_user=centos\n\n[aws_slave1]\n3.110.43.209 ansible_user=centos\n\n[azure_slave1]\n104.211.96.164 ansible_user=akhil ansible_become_password=Akhil29@\n\n[slaves:children]\naws_slave1\nazure_slave1\n",
            "file": "inventory",
            "id": "Ansible-Internship-Project/inventory",
            "overwrite_on_create": true,
            "repository": "Ansible-Internship-Project",
            "sha": "00f181d92d25da96dfd5ccaecea05aca2d8f8848"
          },
          "sensitive_attributes": [],
          "private": "bnVsbA==",
          "dependencies": [
            "module.aws.aws_instance.k8s-master",
            "module.aws.aws_instance.k8s-slave",
            "module.aws.aws_security_group.secure",
            "module.aws.aws_subnet.mysubnet1",
            "module.aws.aws_vpc.myvpc",
            "module.azure.azurerm_linux_virtual_machine.azure_slave_vm",
            "module.azure.azurerm_network_interface.vm_nic",
            "module.azure.azurerm_public_ip.vm_pubip",
            "module.azure.azurerm_resource_group.myrg",
            "module.azure.azurerm_subnet.vm_subnet",
            "module.azure.azurerm_virtual_network.vpc",
            "module.cluster_key.local_file.privatekey",
            "module.cluster_key.tls_private_key.keypair"
          ]
        }
      ]
    },
    {
      "module": "module.git",
      "mode": "managed",
      "type": "github_repository_file",
      "name": "publickey",
      "provider": "module.git.provider[\"registry.terraform.io/hashicorp/github\"]",
      "instances": [
        {
          "schema_version": 0,
          "attributes": {
            "branch": "main",
            "commit_author": "Akhilesh Jain",
            "commit_email": "akhileshjain9221@gmail.com",
            "commit_message": "Ansible Inventory file updated",
            "commit_sha": "3f99d9077352af18b088493894d1bf9626aa3ce2",
            "content": "-----BEGIN RSA PRIVATE KEY-----\nMIIJKAIBAAKCAgEAzt9e1M0Lsj+NL7MIbvWtrWS52y4Y5STxjqCQ1x/0WLfCht0b\nP3qI6uJ4a5DVboG/nWcyxv7zhfCxkypmfARI2d6x0aI+CN46za9TRE6I/KMxh6By\nrZJMwFQfG4OAUZcL5r573Z4pI/vaqS7wowZbA3PrCMvOoiXr4rlNCsNKpUi7VMi5\nJbPB7N90la0hULuxkbsQnlJVvMYzyV47uWIZtMQgQkN4MwC27jehpIjqAe8kUZZ4\nOWFwXgqc44B3iBkthLbs6Yqf7lPN+Pu8Do0jobK+h9RY5X6VxM6bvCyWVbB/Ffs7\nfPObrfy0NNPQO0rK6WcKJwTi0s6Pr0nbYYW4RqR7jXkAOOtO3REkn6irlep7+qxE\nOoTaRcA8HJsRZFR7HlVtMFn7o6FaZHBP2mu0NSAD6HYxIX0wHW31cKyCa45J6D7m\nqZhV2/JOfX9ohqSh9g1jrz5OKjNlcClXjbvrcL3Jmx5iVD84cYyLycG2jxVq8fb4\nLLKObjdtAHFbOGj5GPlIDYoEU6P18zI66IIpWSx7KKdcc64WmGWcPpElbcCbUA1Y\n1d+MEyHlwLrHKeIUOmadlZzPgs3PY7BmlaWvzFxnOt35+yUrY36kA6RLTrEzylNM\nn5Pw1O9NDv9k4f56REBru21Cnu34Oj3mreo0kuJlRZyy+cJ/0+UkpZgZD4sCAwEA\nAQKCAgB67TJtoxYjKi5cPLdzL9uvIB5shnzWlNhRF0pZ+qv4l+EowHQziT2YzVAf\nIuYgj0rsXmlG5DKS0Y7DUzuoz+b2R6VEW3MfU+Z/WIJTIZO3A8YnwIjEaR3gX1xI\nviBe2zGAQIpcC2KI9lxdkf398YXdjGEKTgkQQxZjGBcWoStXAdwHKmsSYzmF5tZh\nJoqYbZ+7Z/wdB/HYhbI6Ixu8MfXye2Rr26muLOuGrFoJ6i2bTp43OQFhn2vlBctq\nSGk+3y80IHqw3+Xe+b94ByYdQ3L737nl/qGAZXLbiqXx8FC4xHMP/cTAoAVPIs12\nYrLmuK/Qd6EJxJaAC6xHzcxlq87uYNLGK0JVPmLAkONON3AZAGxiM/oP+hFyy+k6\nZ90ku/d0P14T3GSzm5O6QCqXL5KDICrFfuqZXfuTl1kV55SwIO3PFW4nktsvK6c9\n3na61hUXwjI0intdwr2vostUPHsGt02Mt+S35jZ9xnL2gMNkBREBiRURZsjicWhS\nBAC0/MtroCnvhh+jm5XsMxTdkADRaeN97uTjvR+aFDhZwNL8SOQ4CSmya65wYh4e\nTx3CzGChD4ffwz91jjCSZAhGf1iSayja7uZOtSAMVhHn9ibduaNYc7/NLgHrXLwM\nKmFXGOVSUSaX0FSWEmm/Wpcc2v016ipkx1FmzC7iQAwwsol8aQKCAQEA05ZqS4NV\nmMFDXZNIVcTAcaeXBOiSSnwPOO5/NMfflIaR5jqBJ3BN/tl5FJvUvku7P/KmlKjw\n3eDyKcn4xkiKmmIxWkj9LjK5a9JDdbQrZNk4r1oIundJoJbiS2Xea419/vvrd1Zf\njYM+GYfKVRyfhu+5nEd74LrlHQRwVBvXqmIdh5ItJDx9vEgxzGzRxZjamN6BHkiZ\njdkGMWtGwKLzJU0NCIJY68muN+TSA5uPfXpg4AjXwCn3vYlBK21HbtCQcVX+Hbg+\nXnqN69yjzqZbDeKHxmrJ15cfBMRZHtJe8YK9yej55UtNFHff1Or7UC38LiAa1Mxa\nRfNtStUjUHEQvwKCAQEA+kuYZl3qef0kt9Jfx4EM29BlGPudk+YvPGVFg9h1v3YE\nMgVZviByK19jVEGZDWSRE3RsijMawsm2XCPBd8irDrMybLQLNsj2jgrVVlEyVesU\n8m0h06Nj7btCAoAu1P8Wmk3yFxEBfLAyzjHX1tHs7JBo6eatalkABrcVSEfpID8C\nkqQcIDx7MxADnViL8Kv2lpPJpNbo24ekcMWS0Jp6lMgB5AEAxbYgkfO6y3gv+GNo\n8XuuRKyVv4c7AKWylZDbdRZPxTY3Xc1f0VUn6w5ZTA0LQhrDghLnGlk3T488LYzO\nZVxMzWARtA8HzyfCIMr999beAHdqLtsZMPNps91oNQKCAQB6gz6a6LnYUBcsiIo6\nt0jixjIocm26WSkLQvU+33hy7JRwJXIBHwLaTJvSNgSyBvGuLlcL/uIw5v3w+nRk\ngz5V9AM1jsuiQ1afusi6z47MvwYWamBhb46fQJ5ZH+vwhKXuzXliyQ1cyCBd8gVS\n0NcB766ecbmlvzHIYniUCucOTe9hP1+J+sinC3piLqQr8LyqBTPoEAtxWbc/SClY\ng0GcWIfyZF8Ob+HDlWeRFTK5afHL5vLd3q8G/QFSHt1cqcDpDuyr0rGyTO3+Iuxq\nTGKuoHsThWPHxEX+oZ4kvZSh7Jzt20tO3BIOhvaAt2q621WIc6h1jLm8hR3EVbMz\n8bPLAoIBADOLDb9G59pnPwB72i2Dbdp2d9tFNZYXePK/CCm2kcjzzLlgULLOi7RS\n2GmpeJNBen6/IvryuzgRwfQHiPfZ4yAL1v57tTN6/wsRQA2eevcmihHCV4z1wMZc\nIaPSMdK7FTSBiLEnV18OCehca05ZvKiatIA2eM/FtDOt0DwqUt/JGgaItSIOUnCZ\ng6ULbwYI46bumD/R4fITZNG0Xh+HMGcjKQCDFF2iu+JShs0P2xETp7DS/3g08kGW\n35eqh7Q1OHxMM/Ew0QYIHQtGtgm50rnOldrvGAPZUK4kYTeJD6Nxs6876rUAa6Tg\n04LddSS7qME5Bk6iSMONawqhlcrsdWECggEBANNtAY7QXvZ5bfcTpWaQJF3yn1DK\nAASgbI+sQ5LTzDbfc8fAfxB4Fxx8foDAbMlJaXlgvlCBCodwu1wQSenjeYD6c7mV\nD69u8+1Yd0OT+2CXB4exRvwNVmoGuGRoFDSI/NNvnMkmbRPfArmG7/LWQAPVO6r0\nG6zuQqWpNOzdBlGonLdPiPdNSy1fUWBM8+F0gb6lbqebE/TjXrynN4qTHxYvUE+Q\nDfAcft6EWXAo2aihS19W64cuObqmO+EMruVb3fmgwXL9FZ3YUKZvJYe19tUBM4pc\nEXKiaU3Q91dawUsB+TvR2DScsERjyJQMK2GEy/n0p4RhSvOsIngjIIBjHc4=\n-----END RSA PRIVATE KEY-----\n",
            "file": "k8s-cluster-vm-key.pem",
            "id": "Ansible-Internship-Project/k8s-cluster-vm-key.pem",
            "overwrite_on_create": true,
            "repository": "Ansible-Internship-Project",
            "sha": "8061d502772186abddd2ce66062e849b67add814"
          },
          "sensitive_attributes": [
            [
              {
                "type": "get_attr",
                "value": "content"
              }
            ]
          ],
          "private": "bnVsbA==",
          "dependencies": [
            "module.cluster_key.tls_private_key.keypair"
          ]
        }
      ]
    }
  ]
}
