{
  "version": 4,
  "terraform_version": "1.1.3",
  "serial": 2608,
  "lineage": "7fa05fe2-938f-af86-0a03-f319dd92d297",
  "outputs": {},
  "resources": [
    {
      "module": "module.ansible_inventory",
      "mode": "managed",
      "type": "local_file",
      "name": "ipfile",
      "provider": "provider[\"registry.terraform.io/hashicorp/local\"]",
      "instances": [
        {
          "schema_version": 0,
          "attributes": {
            "content": "[aws_master]\n13.126.75.16 ansible_user=centos\n\n[aws_slave1]\n13.233.121.140 ansible_user=centos\n\n[azure_slave1]\n20.192.0.252 ansible_user=akhil ansible_become_password=Akhil29@\n\n[slaves:children]\naws_slave1\nazure_slave1\n",
            "content_base64": null,
            "directory_permission": "0777",
            "file_permission": "0777",
            "filename": "ip.txt",
            "id": "2051d6b853d4f5e28e11f01a8ab59ef90e2deed9",
            "sensitive_content": null,
            "source": null
          },
          "sensitive_attributes": [],
          "private": "bnVsbA==",
          "dependencies": [
            "module.aws.aws_instance.k8s-master",
            "module.aws.aws_instance.k8s-slave",
            "module.aws.aws_security_group.secure",
            "module.aws.aws_subnet.mysubnet1",
            "module.aws.aws_vpc.myvpc",
            "module.azure.azurerm_linux_virtual_machine.azure_slave_vm",
            "module.azure.azurerm_network_interface.vm_nic",
            "module.azure.azurerm_public_ip.vm_pubip",
            "module.azure.azurerm_resource_group.myrg",
            "module.azure.azurerm_subnet.vm_subnet",
            "module.azure.azurerm_virtual_network.vpc",
            "module.cluster_key.local_file.privatekey",
            "module.cluster_key.tls_private_key.keypair"
          ]
        }
      ]
    },
    {
      "module": "module.aws",
      "mode": "managed",
      "type": "aws_instance",
      "name": "k8s-master",
      "provider": "provider[\"registry.terraform.io/hashicorp/aws\"].myaws",
      "instances": [
        {
          "schema_version": 1,
          "attributes": {
            "ami": "ami-026f33d38b6410e30",
            "arn": "arn:aws:ec2:ap-south-1:328884867008:instance/i-008633c7296b606c4",
            "associate_public_ip_address": true,
            "availability_zone": "ap-south-1b",
            "capacity_reservation_specification": [
              {
                "capacity_reservation_preference": "open",
                "capacity_reservation_target": []
              }
            ],
            "cpu_core_count": 2,
            "cpu_threads_per_core": 1,
            "credit_specification": [
              {
                "cpu_credits": "standard"
              }
            ],
            "disable_api_termination": false,
            "ebs_block_device": [],
            "ebs_optimized": false,
            "enclave_options": [
              {
                "enabled": false
              }
            ],
            "ephemeral_block_device": [],
            "get_password_data": false,
            "hibernation": false,
            "host_id": null,
            "iam_instance_profile": "",
            "id": "i-008633c7296b606c4",
            "instance_initiated_shutdown_behavior": "stop",
            "instance_state": "running",
            "instance_type": "t2.medium",
            "ipv6_address_count": 0,
            "ipv6_addresses": [],
            "key_name": "k8s-cluster-vm-key",
            "launch_template": [],
            "metadata_options": [
              {
                "http_endpoint": "enabled",
                "http_put_response_hop_limit": 1,
                "http_tokens": "optional",
                "instance_metadata_tags": "disabled"
              }
            ],
            "monitoring": false,
            "network_interface": [],
            "outpost_arn": "",
            "password_data": "",
            "placement_group": "",
            "placement_partition_number": null,
            "primary_network_interface_id": "eni-0834b2a5832ad1f93",
            "private_dns": "ip-10-0-2-5.ap-south-1.compute.internal",
            "private_ip": "10.0.2.5",
            "public_dns": "",
            "public_ip": "13.126.75.16",
            "root_block_device": [
              {
                "delete_on_termination": true,
                "device_name": "/dev/sda1",
                "encrypted": false,
                "iops": 100,
                "kms_key_id": "",
                "tags": null,
                "throughput": 0,
                "volume_id": "vol-0796910cbbe343773",
                "volume_size": 20,
                "volume_type": "gp2"
              }
            ],
            "secondary_private_ips": [],
            "security_groups": [],
            "source_dest_check": true,
            "subnet_id": "subnet-01bd2c6c64ff92e96",
            "tags": {
              "Name": "k8s-Master"
            },
            "tags_all": {
              "Name": "k8s-Master"
            },
            "tenancy": "default",
            "timeouts": null,
            "user_data": null,
            "user_data_base64": null,
            "volume_tags": null,
            "vpc_security_group_ids": [
              "sg-00da922c846935505"
            ]
          },
          "sensitive_attributes": [],
          "private": "eyJlMmJmYjczMC1lY2FhLTExZTYtOGY4OC0zNDM2M2JjN2M0YzAiOnsiY3JlYXRlIjo2MDAwMDAwMDAwMDAsImRlbGV0ZSI6MTIwMDAwMDAwMDAwMCwidXBkYXRlIjo2MDAwMDAwMDAwMDB9LCJzY2hlbWFfdmVyc2lvbiI6IjEifQ==",
          "dependencies": [
            "module.aws.aws_security_group.secure",
            "module.aws.aws_subnet.mysubnet1",
            "module.aws.aws_vpc.myvpc",
            "module.cluster_key.local_file.privatekey",
            "module.cluster_key.tls_private_key.keypair"
          ]
        }
      ]
    },
    {
      "module": "module.aws",
      "mode": "managed",
      "type": "aws_instance",
      "name": "k8s-slave",
      "provider": "provider[\"registry.terraform.io/hashicorp/aws\"].myaws",
      "instances": [
        {
          "schema_version": 1,
          "attributes": {
            "ami": "ami-026f33d38b6410e30",
            "arn": "arn:aws:ec2:ap-south-1:328884867008:instance/i-0f7bf94dc060f240b",
            "associate_public_ip_address": true,
            "availability_zone": "ap-south-1b",
            "capacity_reservation_specification": [
              {
                "capacity_reservation_preference": "open",
                "capacity_reservation_target": []
              }
            ],
            "cpu_core_count": 1,
            "cpu_threads_per_core": 1,
            "credit_specification": [
              {
                "cpu_credits": "standard"
              }
            ],
            "disable_api_termination": false,
            "ebs_block_device": [],
            "ebs_optimized": false,
            "enclave_options": [
              {
                "enabled": false
              }
            ],
            "ephemeral_block_device": [],
            "get_password_data": false,
            "hibernation": false,
            "host_id": null,
            "iam_instance_profile": "",
            "id": "i-0f7bf94dc060f240b",
            "instance_initiated_shutdown_behavior": "stop",
            "instance_state": "running",
            "instance_type": "t2.micro",
            "ipv6_address_count": 0,
            "ipv6_addresses": [],
            "key_name": "k8s-cluster-vm-key",
            "launch_template": [],
            "metadata_options": [
              {
                "http_endpoint": "enabled",
                "http_put_response_hop_limit": 1,
                "http_tokens": "optional",
                "instance_metadata_tags": "disabled"
              }
            ],
            "monitoring": false,
            "network_interface": [],
            "outpost_arn": "",
            "password_data": "",
            "placement_group": "",
            "placement_partition_number": null,
            "primary_network_interface_id": "eni-01025eebab0131bb0",
            "private_dns": "ip-10-0-2-77.ap-south-1.compute.internal",
            "private_ip": "10.0.2.77",
            "public_dns": "",
            "public_ip": "13.233.121.140",
            "root_block_device": [
              {
                "delete_on_termination": true,
                "device_name": "/dev/sda1",
                "encrypted": false,
                "iops": 100,
                "kms_key_id": "",
                "tags": null,
                "throughput": 0,
                "volume_id": "vol-030c467c2bb36531a",
                "volume_size": 8,
                "volume_type": "gp2"
              }
            ],
            "secondary_private_ips": [],
            "security_groups": [],
            "source_dest_check": true,
            "subnet_id": "subnet-01bd2c6c64ff92e96",
            "tags": {
              "Name": "k8s-Slave1-aws"
            },
            "tags_all": {
              "Name": "k8s-Slave1-aws"
            },
            "tenancy": "default",
            "timeouts": null,
            "user_data": null,
            "user_data_base64": null,
            "volume_tags": null,
            "vpc_security_group_ids": [
              "sg-00da922c846935505"
            ]
          },
          "sensitive_attributes": [],
          "private": "eyJlMmJmYjczMC1lY2FhLTExZTYtOGY4OC0zNDM2M2JjN2M0YzAiOnsiY3JlYXRlIjo2MDAwMDAwMDAwMDAsImRlbGV0ZSI6MTIwMDAwMDAwMDAwMCwidXBkYXRlIjo2MDAwMDAwMDAwMDB9LCJzY2hlbWFfdmVyc2lvbiI6IjEifQ==",
          "dependencies": [
            "module.aws.aws_security_group.secure",
            "module.aws.aws_subnet.mysubnet1",
            "module.aws.aws_vpc.myvpc",
            "module.cluster_key.local_file.privatekey",
            "module.cluster_key.tls_private_key.keypair"
          ]
        }
      ]
    },
    {
      "module": "module.aws",
      "mode": "managed",
      "type": "aws_internet_gateway",
      "name": "myigw",
      "provider": "provider[\"registry.terraform.io/hashicorp/aws\"].myaws",
      "instances": [
        {
          "schema_version": 0,
          "attributes": {
            "arn": "arn:aws:ec2:ap-south-1:328884867008:internet-gateway/igw-0ad694abcc9bb6a5f",
            "id": "igw-0ad694abcc9bb6a5f",
            "owner_id": "328884867008",
            "tags": {
              "Name": "K8s-igw"
            },
            "tags_all": {
              "Name": "K8s-igw"
            },
            "vpc_id": "vpc-0ee358a12e673fdc7"
          },
          "sensitive_attributes": [],
          "private": "bnVsbA==",
          "dependencies": [
            "module.aws.aws_vpc.myvpc",
            "module.cluster_key.local_file.privatekey",
            "module.cluster_key.tls_private_key.keypair"
          ]
        }
      ]
    },
    {
      "module": "module.aws",
      "mode": "managed",
      "type": "aws_key_pair",
      "name": "deployer",
      "provider": "provider[\"registry.terraform.io/hashicorp/aws\"].myaws",
      "instances": [
        {
          "schema_version": 1,
          "attributes": {
            "arn": "arn:aws:ec2:ap-south-1:328884867008:key-pair/k8s-cluster-vm-key",
            "fingerprint": "3f:2e:fa:bb:cb:74:9b:be:cc:41:b8:86:c1:12:19:bb",
            "id": "k8s-cluster-vm-key",
            "key_name": "k8s-cluster-vm-key",
            "key_name_prefix": "",
            "key_pair_id": "key-0c1385c6bd450a28e",
            "public_key": "ssh-rsa AAAAB3NzaC1yc2EAAAADAQABAAACAQCnCl3dzEzx3ROiDV3LumFpPBFZxJV3ROe7J3sXLjV4jJlNjln4XcfNZ9qYFiX63W12HsWjg6wd7R7FVuH7vUK7EF18Zb+qZkxhFsCTs5BlLUYyOfzQplN1c5xjjPK5iX4P9gA6UDf7vm2bYgSqPav8JZxmsnZlpGiUzWM+sGpi3l/kyD2ei+CMppGVfKVCuCT4g5a2mS+DONo64U5gXIOf4gh1JXXGvad4xbp5NF2T0qMuoDelbvhD+AYOiOrmJDW31PpA/md+tX0MD/EQxrYi1idVK4+IiYdtB4bClEHXlxAG1qp5NSS1iYIL4y2xhekFB0pVIqvOv9/w7c8Lwqa7f39ezc0GMkmD9GstVkIXDaaaBRlBTfUBv5vweOF9bpHjiAME2YlyB3/K0vjQERW/Zd1P8C0qlzT5IHRAa9d3nIP6g/CcWjtu3iSoeZ21ZpNaBaqjjD4UPBxsnniLzckyXu+kIazcrNZKdkgWkTvxzOuK5XITO8Wxa08JeVamGk0uKtYeCdf++r83aMJ+1aw7Oq027RFy1oSBmJ4AALx4MFW8aVkjXeyUGxlOSt1XWo8pAcJ33wMnw8RDxsDUvKTh5ArMK58Dk+55+dPq7vJQ6KEtEdPd+/JPS5Sw6lt+pIxgTn6pwaQNittbvpAdlDMijcfSayr8jeGtZ0Pu58gZfQ==",
            "tags": null,
            "tags_all": {}
          },
          "sensitive_attributes": [],
          "private": "eyJzY2hlbWFfdmVyc2lvbiI6IjEifQ==",
          "dependencies": [
            "module.cluster_key.local_file.privatekey",
            "module.cluster_key.tls_private_key.keypair"
          ]
        }
      ]
    },
    {
      "module": "module.aws",
      "mode": "managed",
      "type": "aws_route_table",
      "name": "rtable",
      "provider": "provider[\"registry.terraform.io/hashicorp/aws\"].myaws",
      "instances": [
        {
          "schema_version": 0,
          "attributes": {
            "arn": "arn:aws:ec2:ap-south-1:328884867008:route-table/rtb-04a8110c7302c9199",
            "id": "rtb-04a8110c7302c9199",
            "owner_id": "328884867008",
            "propagating_vgws": [],
            "route": [
              {
                "carrier_gateway_id": "",
                "cidr_block": "0.0.0.0/0",
                "destination_prefix_list_id": "",
                "egress_only_gateway_id": "",
                "gateway_id": "igw-0ad694abcc9bb6a5f",
                "instance_id": "",
                "ipv6_cidr_block": "",
                "local_gateway_id": "",
                "nat_gateway_id": "",
                "network_interface_id": "",
                "transit_gateway_id": "",
                "vpc_endpoint_id": "",
                "vpc_peering_connection_id": ""
              }
            ],
            "tags": {
              "Name": "Custom-route-table"
            },
            "tags_all": {
              "Name": "Custom-route-table"
            },
            "timeouts": null,
            "vpc_id": "vpc-0ee358a12e673fdc7"
          },
          "sensitive_attributes": [],
          "private": "eyJlMmJmYjczMC1lY2FhLTExZTYtOGY4OC0zNDM2M2JjN2M0YzAiOnsiY3JlYXRlIjozMDAwMDAwMDAwMDAsImRlbGV0ZSI6MzAwMDAwMDAwMDAwLCJ1cGRhdGUiOjEyMDAwMDAwMDAwMH19",
          "dependencies": [
            "module.aws.aws_internet_gateway.myigw",
            "module.aws.aws_vpc.myvpc",
            "module.cluster_key.local_file.privatekey",
            "module.cluster_key.tls_private_key.keypair"
          ]
        }
      ]
    },
    {
      "module": "module.aws",
      "mode": "managed",
      "type": "aws_route_table_association",
      "name": "rt_association",
      "provider": "provider[\"registry.terraform.io/hashicorp/aws\"].myaws",
      "instances": [
        {
          "schema_version": 0,
          "attributes": {
            "gateway_id": "",
            "id": "rtbassoc-0a80f90c58fbf80f5",
            "route_table_id": "rtb-04a8110c7302c9199",
            "subnet_id": "subnet-01bd2c6c64ff92e96"
          },
          "sensitive_attributes": [],
          "private": "bnVsbA==",
          "dependencies": [
            "module.aws.aws_internet_gateway.myigw",
            "module.aws.aws_route_table.rtable",
            "module.aws.aws_subnet.mysubnet1",
            "module.aws.aws_vpc.myvpc",
            "module.cluster_key.local_file.privatekey",
            "module.cluster_key.tls_private_key.keypair"
          ]
        }
      ]
    },
    {
      "module": "module.aws",
      "mode": "managed",
      "type": "aws_security_group",
      "name": "secure",
      "provider": "provider[\"registry.terraform.io/hashicorp/aws\"].myaws",
      "instances": [
        {
          "schema_version": 1,
          "attributes": {
            "arn": "arn:aws:ec2:ap-south-1:328884867008:security-group/sg-00da922c846935505",
            "description": "Allow HTTP, SSH inbound traffic",
            "egress": [
              {
                "cidr_blocks": [
                  "0.0.0.0/0"
                ],
                "description": "",
                "from_port": 0,
                "ipv6_cidr_blocks": [],
                "prefix_list_ids": [],
                "protocol": "-1",
                "security_groups": [],
                "self": false,
                "to_port": 0
              }
            ],
            "id": "sg-00da922c846935505",
            "ingress": [
              {
                "cidr_blocks": [
                  "0.0.0.0/0"
                ],
                "description": "all",
                "from_port": 0,
                "ipv6_cidr_blocks": [],
                "prefix_list_ids": [],
                "protocol": "-1",
                "security_groups": [],
                "self": false,
                "to_port": 0
              },
              {
                "cidr_blocks": [
                  "0.0.0.0/0"
                ],
                "description": "http",
                "from_port": 80,
                "ipv6_cidr_blocks": [],
                "prefix_list_ids": [],
                "protocol": "tcp",
                "security_groups": [],
                "self": false,
                "to_port": 80
              },
              {
                "cidr_blocks": [
                  "0.0.0.0/0"
                ],
                "description": "ping",
                "from_port": 0,
                "ipv6_cidr_blocks": [],
                "prefix_list_ids": [],
                "protocol": "icmp",
                "security_groups": [],
                "self": false,
                "to_port": -1
              },
              {
                "cidr_blocks": [
                  "0.0.0.0/0"
                ],
                "description": "ssh",
                "from_port": 22,
                "ipv6_cidr_blocks": [],
                "prefix_list_ids": [],
                "protocol": "tcp",
                "security_groups": [],
                "self": false,
                "to_port": 22
              }
            ],
            "name": "secure",
            "name_prefix": "",
            "owner_id": "328884867008",
            "revoke_rules_on_delete": false,
            "tags": {
              "Name": "security-wizard"
            },
            "tags_all": {
              "Name": "security-wizard"
            },
            "timeouts": null,
            "vpc_id": "vpc-0ee358a12e673fdc7"
          },
          "sensitive_attributes": [],
          "private": "eyJlMmJmYjczMC1lY2FhLTExZTYtOGY4OC0zNDM2M2JjN2M0YzAiOnsiY3JlYXRlIjo2MDAwMDAwMDAwMDAsImRlbGV0ZSI6OTAwMDAwMDAwMDAwfSwic2NoZW1hX3ZlcnNpb24iOiIxIn0=",
          "dependencies": [
            "module.aws.aws_vpc.myvpc",
            "module.cluster_key.local_file.privatekey",
            "module.cluster_key.tls_private_key.keypair"
          ]
        }
      ]
    },
    {
      "module": "module.aws",
      "mode": "managed",
      "type": "aws_subnet",
      "name": "mysubnet1",
      "provider": "provider[\"registry.terraform.io/hashicorp/aws\"].myaws",
      "instances": [
        {
          "schema_version": 1,
          "attributes": {
            "arn": "arn:aws:ec2:ap-south-1:328884867008:subnet/subnet-01bd2c6c64ff92e96",
            "assign_ipv6_address_on_creation": false,
            "availability_zone": "ap-south-1b",
            "availability_zone_id": "aps1-az3",
            "cidr_block": "10.0.2.0/24",
            "customer_owned_ipv4_pool": "",
            "enable_dns64": false,
            "enable_resource_name_dns_a_record_on_launch": false,
            "enable_resource_name_dns_aaaa_record_on_launch": false,
            "id": "subnet-01bd2c6c64ff92e96",
            "ipv6_cidr_block": "",
            "ipv6_cidr_block_association_id": "",
            "ipv6_native": false,
            "map_customer_owned_ip_on_launch": false,
            "map_public_ip_on_launch": true,
            "outpost_arn": "",
            "owner_id": "328884867008",
            "private_dns_hostname_type_on_launch": "ip-name",
            "tags": {
              "Name": "subnet1_mnkc_project"
            },
            "tags_all": {
              "Name": "subnet1_mnkc_project"
            },
            "timeouts": null,
            "vpc_id": "vpc-0ee358a12e673fdc7"
          },
          "sensitive_attributes": [],
          "private": "eyJlMmJmYjczMC1lY2FhLTExZTYtOGY4OC0zNDM2M2JjN2M0YzAiOnsiY3JlYXRlIjo2MDAwMDAwMDAwMDAsImRlbGV0ZSI6MTIwMDAwMDAwMDAwMH0sInNjaGVtYV92ZXJzaW9uIjoiMSJ9",
          "dependencies": [
            "module.aws.aws_vpc.myvpc",
            "module.cluster_key.local_file.privatekey",
            "module.cluster_key.tls_private_key.keypair"
          ]
        }
      ]
    },
    {
      "module": "module.aws",
      "mode": "managed",
      "type": "aws_vpc",
      "name": "myvpc",
      "provider": "provider[\"registry.terraform.io/hashicorp/aws\"].myaws",
      "instances": [
        {
          "schema_version": 1,
          "attributes": {
            "arn": "arn:aws:ec2:ap-south-1:328884867008:vpc/vpc-0ee358a12e673fdc7",
            "assign_generated_ipv6_cidr_block": false,
            "cidr_block": "10.0.0.0/16",
            "default_network_acl_id": "acl-05a3074e76b17ce8f",
            "default_route_table_id": "rtb-030c0399d113081b4",
            "default_security_group_id": "sg-0213f611f8028071d",
            "dhcp_options_id": "dopt-1a946f71",
            "enable_classiclink": null,
            "enable_classiclink_dns_support": null,
            "enable_dns_hostnames": false,
            "enable_dns_support": true,
            "id": "vpc-0ee358a12e673fdc7",
            "instance_tenancy": "default",
            "ipv4_ipam_pool_id": null,
            "ipv4_netmask_length": null,
            "ipv6_association_id": "",
            "ipv6_cidr_block": "",
            "ipv6_cidr_block_network_border_group": null,
            "ipv6_ipam_pool_id": null,
            "ipv6_netmask_length": null,
            "main_route_table_id": "rtb-030c0399d113081b4",
            "owner_id": "328884867008",
            "tags": {
              "Name": "aws_vpc_mnkc_project"
            },
            "tags_all": {
              "Name": "aws_vpc_mnkc_project"
            }
          },
          "sensitive_attributes": [],
          "private": "eyJzY2hlbWFfdmVyc2lvbiI6IjEifQ==",
          "dependencies": [
            "module.cluster_key.local_file.privatekey",
            "module.cluster_key.tls_private_key.keypair"
          ]
        }
      ]
    },
    {
      "module": "module.azure",
      "mode": "managed",
      "type": "azurerm_linux_virtual_machine",
      "name": "azure_slave_vm",
      "provider": "provider[\"registry.terraform.io/hashicorp/azurerm\"].myazure",
      "instances": [
        {
          "schema_version": 0,
          "attributes": {
            "additional_capabilities": [],
            "admin_password": "Akhil29@",
            "admin_ssh_key": [
              {
                "public_key": "ssh-rsa AAAAB3NzaC1yc2EAAAADAQABAAACAQCnCl3dzEzx3ROiDV3LumFpPBFZxJV3ROe7J3sXLjV4jJlNjln4XcfNZ9qYFiX63W12HsWjg6wd7R7FVuH7vUK7EF18Zb+qZkxhFsCTs5BlLUYyOfzQplN1c5xjjPK5iX4P9gA6UDf7vm2bYgSqPav8JZxmsnZlpGiUzWM+sGpi3l/kyD2ei+CMppGVfKVCuCT4g5a2mS+DONo64U5gXIOf4gh1JXXGvad4xbp5NF2T0qMuoDelbvhD+AYOiOrmJDW31PpA/md+tX0MD/EQxrYi1idVK4+IiYdtB4bClEHXlxAG1qp5NSS1iYIL4y2xhekFB0pVIqvOv9/w7c8Lwqa7f39ezc0GMkmD9GstVkIXDaaaBRlBTfUBv5vweOF9bpHjiAME2YlyB3/K0vjQERW/Zd1P8C0qlzT5IHRAa9d3nIP6g/CcWjtu3iSoeZ21ZpNaBaqjjD4UPBxsnniLzckyXu+kIazcrNZKdkgWkTvxzOuK5XITO8Wxa08JeVamGk0uKtYeCdf++r83aMJ+1aw7Oq027RFy1oSBmJ4AALx4MFW8aVkjXeyUGxlOSt1XWo8pAcJ33wMnw8RDxsDUvKTh5ArMK58Dk+55+dPq7vJQ6KEtEdPd+/JPS5Sw6lt+pIxgTn6pwaQNittbvpAdlDMijcfSayr8jeGtZ0Pu58gZfQ==\n",
                "username": "akhil"
              }
            ],
            "admin_username": "akhil",
            "allow_extension_operations": true,
            "availability_set_id": "",
            "boot_diagnostics": [],
            "computer_name": "azure-slave",
            "custom_data": null,
            "dedicated_host_id": "",
            "disable_password_authentication": false,
            "encryption_at_host_enabled": false,
            "eviction_policy": "",
            "extensions_time_budget": "PT1H30M",
            "id": "/subscriptions/6c8c8a7b-6023-4b39-8f24-f8aa195e268b/resourceGroups/mnkc_rg/providers/Microsoft.Compute/virtualMachines/azure_slave2",
            "identity": [],
            "license_type": "",
            "location": "centralindia",
            "max_bid_price": -1,
            "name": "azure_slave2",
            "network_interface_ids": [
              "/subscriptions/6c8c8a7b-6023-4b39-8f24-f8aa195e268b/resourceGroups/mnkc_rg/providers/Microsoft.Network/networkInterfaces/slave1-nic"
            ],
            "os_disk": [
              {
                "caching": "ReadWrite",
                "diff_disk_settings": [],
                "disk_encryption_set_id": "",
                "disk_size_gb": 70,
                "name": "vm_disk",
                "storage_account_type": "Standard_LRS",
                "write_accelerator_enabled": false
              }
            ],
            "patch_mode": "ImageDefault",
            "plan": [],
            "platform_fault_domain": -1,
            "priority": "Regular",
            "private_ip_address": "192.168.1.4",
            "private_ip_addresses": [
              "192.168.1.4"
            ],
            "provision_vm_agent": true,
            "proximity_placement_group_id": "",
            "public_ip_address": "20.192.0.252",
            "public_ip_addresses": [
              "20.192.0.252"
            ],
            "resource_group_name": "mnkc_rg",
            "secret": [],
            "secure_boot_enabled": false,
            "size": "Standard_F2",
            "source_image_id": "",
            "source_image_reference": [
              {
                "offer": "Centos",
                "publisher": "OpenLogic",
                "sku": "7.5",
                "version": "latest"
              }
            ],
            "tags": {
              "Name": "k8s-slave-azure"
            },
            "timeouts": null,
            "user_data": "",
            "virtual_machine_id": "6af49501-4ee9-405a-9f45-4df0395d5ed6",
            "virtual_machine_scale_set_id": "",
            "vtpm_enabled": false,
            "zone": ""
          },
          "sensitive_attributes": [],
          "private": "eyJlMmJmYjczMC1lY2FhLTExZTYtOGY4OC0zNDM2M2JjN2M0YzAiOnsiY3JlYXRlIjoyNzAwMDAwMDAwMDAwLCJkZWxldGUiOjI3MDAwMDAwMDAwMDAsInJlYWQiOjMwMDAwMDAwMDAwMCwidXBkYXRlIjoyNzAwMDAwMDAwMDAwfX0=",
          "dependencies": [
            "module.azure.azurerm_network_interface.vm_nic",
            "module.azure.azurerm_public_ip.vm_pubip",
            "module.azure.azurerm_resource_group.myrg",
            "module.azure.azurerm_subnet.vm_subnet",
            "module.azure.azurerm_virtual_network.vpc",
            "module.cluster_key.local_file.privatekey",
            "module.cluster_key.tls_private_key.keypair"
          ]
        }
      ]
    },
    {
      "module": "module.azure",
      "mode": "managed",
      "type": "azurerm_network_interface",
      "name": "vm_nic",
      "provider": "provider[\"registry.terraform.io/hashicorp/azurerm\"].myazure",
      "instances": [
        {
          "schema_version": 0,
          "attributes": {
            "applied_dns_servers": [],
            "dns_servers": [],
            "enable_accelerated_networking": false,
            "enable_ip_forwarding": true,
            "id": "/subscriptions/6c8c8a7b-6023-4b39-8f24-f8aa195e268b/resourceGroups/mnkc_rg/providers/Microsoft.Network/networkInterfaces/slave1-nic",
            "internal_dns_name_label": "",
            "internal_domain_name_suffix": "laoen03i0g2uxpedfd5pdg5v4a.rx.internal.cloudapp.net",
            "ip_configuration": [
              {
                "gateway_load_balancer_frontend_ip_configuration_id": "",
                "name": "internal",
                "primary": true,
                "private_ip_address": "192.168.1.4",
                "private_ip_address_allocation": "Dynamic",
                "private_ip_address_version": "IPv4",
                "public_ip_address_id": "/subscriptions/6c8c8a7b-6023-4b39-8f24-f8aa195e268b/resourceGroups/mnkc_rg/providers/Microsoft.Network/publicIPAddresses/acceptanceTestPublicIp1",
                "subnet_id": "/subscriptions/6c8c8a7b-6023-4b39-8f24-f8aa195e268b/resourceGroups/mnkc_rg/providers/Microsoft.Network/virtualNetworks/vpc/subnets/subnet1"
              }
            ],
            "location": "centralindia",
            "mac_address": "",
            "name": "slave1-nic",
            "private_ip_address": "192.168.1.4",
            "private_ip_addresses": [
              "192.168.1.4"
            ],
            "resource_group_name": "mnkc_rg",
            "tags": null,
            "timeouts": null,
            "virtual_machine_id": ""
          },
          "sensitive_attributes": [],
          "private": "eyJlMmJmYjczMC1lY2FhLTExZTYtOGY4OC0zNDM2M2JjN2M0YzAiOnsiY3JlYXRlIjoxODAwMDAwMDAwMDAwLCJkZWxldGUiOjE4MDAwMDAwMDAwMDAsInJlYWQiOjMwMDAwMDAwMDAwMCwidXBkYXRlIjoxODAwMDAwMDAwMDAwfX0=",
          "dependencies": [
            "module.azure.azurerm_public_ip.vm_pubip",
            "module.azure.azurerm_resource_group.myrg",
            "module.azure.azurerm_subnet.vm_subnet",
            "module.azure.azurerm_virtual_network.vpc",
            "module.cluster_key.local_file.privatekey",
            "module.cluster_key.tls_private_key.keypair"
          ]
        }
      ]
    },
    {
      "module": "module.azure",
      "mode": "managed",
      "type": "azurerm_network_security_group",
      "name": "vm_sg",
      "provider": "provider[\"registry.terraform.io/hashicorp/azurerm\"].myazure",
      "instances": [
        {
          "schema_version": 0,
          "attributes": {
            "id": "/subscriptions/6c8c8a7b-6023-4b39-8f24-f8aa195e268b/resourceGroups/mnkc_rg/providers/Microsoft.Network/networkSecurityGroups/security_wizard",
            "location": "centralindia",
            "name": "security_wizard",
            "resource_group_name": "mnkc_rg",
            "security_rule": [],
            "tags": {
              "Name": "security_wizard"
            },
            "timeouts": null
          },
          "sensitive_attributes": [],
          "private": "eyJlMmJmYjczMC1lY2FhLTExZTYtOGY4OC0zNDM2M2JjN2M0YzAiOnsiY3JlYXRlIjoxODAwMDAwMDAwMDAwLCJkZWxldGUiOjE4MDAwMDAwMDAwMDAsInJlYWQiOjMwMDAwMDAwMDAwMCwidXBkYXRlIjoxODAwMDAwMDAwMDAwfX0=",
          "dependencies": [
            "module.azure.azurerm_resource_group.myrg",
            "module.cluster_key.local_file.privatekey",
            "module.cluster_key.tls_private_key.keypair"
          ]
        }
      ]
    },
    {
      "module": "module.azure",
      "mode": "managed",
      "type": "azurerm_network_security_rule",
      "name": "sgrule1",
      "provider": "provider[\"registry.terraform.io/hashicorp/azurerm\"].myazure",
      "instances": [
        {
          "schema_version": 0,
          "attributes": {
            "access": "Allow",
            "description": "",
            "destination_address_prefix": "*",
            "destination_address_prefixes": null,
            "destination_application_security_group_ids": null,
            "destination_port_range": "*",
            "destination_port_ranges": null,
            "direction": "Inbound",
            "id": "/subscriptions/6c8c8a7b-6023-4b39-8f24-f8aa195e268b/resourceGroups/mnkc_rg/providers/Microsoft.Network/networkSecurityGroups/security_wizard/securityRules/allow-ssh",
            "name": "allow-ssh",
            "network_security_group_name": "security_wizard",
            "priority": 100,
            "protocol": "Tcp",
            "resource_group_name": "mnkc_rg",
            "source_address_prefix": "*",
            "source_address_prefixes": null,
            "source_application_security_group_ids": null,
            "source_port_range": "22",
            "source_port_ranges": null,
            "timeouts": null
          },
          "sensitive_attributes": [],
          "private": "eyJlMmJmYjczMC1lY2FhLTExZTYtOGY4OC0zNDM2M2JjN2M0YzAiOnsiY3JlYXRlIjoxODAwMDAwMDAwMDAwLCJkZWxldGUiOjE4MDAwMDAwMDAwMDAsInJlYWQiOjMwMDAwMDAwMDAwMCwidXBkYXRlIjoxODAwMDAwMDAwMDAwfX0=",
          "dependencies": [
            "module.azure.azurerm_network_security_group.vm_sg",
            "module.azure.azurerm_resource_group.myrg",
            "module.cluster_key.local_file.privatekey",
            "module.cluster_key.tls_private_key.keypair"
          ]
        }
      ]
    },
    {
      "module": "module.azure",
      "mode": "managed",
      "type": "azurerm_network_security_rule",
      "name": "sgrule2",
      "provider": "provider[\"registry.terraform.io/hashicorp/azurerm\"].myazure",
      "instances": [
        {
          "schema_version": 0,
          "attributes": {
            "access": "Allow",
            "description": "",
            "destination_address_prefix": "*",
            "destination_address_prefixes": null,
            "destination_application_security_group_ids": null,
            "destination_port_range": "*",
            "destination_port_ranges": null,
            "direction": "Inbound",
            "id": "/subscriptions/6c8c8a7b-6023-4b39-8f24-f8aa195e268b/resourceGroups/mnkc_rg/providers/Microsoft.Network/networkSecurityGroups/security_wizard/securityRules/allow-http",
            "name": "allow-http",
            "network_security_group_name": "security_wizard",
            "priority": 101,
            "protocol": "Tcp",
            "resource_group_name": "mnkc_rg",
            "source_address_prefix": "*",
            "source_address_prefixes": null,
            "source_application_security_group_ids": null,
            "source_port_range": "80",
            "source_port_ranges": null,
            "timeouts": null
          },
          "sensitive_attributes": [],
          "private": "eyJlMmJmYjczMC1lY2FhLTExZTYtOGY4OC0zNDM2M2JjN2M0YzAiOnsiY3JlYXRlIjoxODAwMDAwMDAwMDAwLCJkZWxldGUiOjE4MDAwMDAwMDAwMDAsInJlYWQiOjMwMDAwMDAwMDAwMCwidXBkYXRlIjoxODAwMDAwMDAwMDAwfX0=",
          "dependencies": [
            "module.azure.azurerm_network_security_group.vm_sg",
            "module.azure.azurerm_resource_group.myrg",
            "module.cluster_key.local_file.privatekey",
            "module.cluster_key.tls_private_key.keypair"
          ]
        }
      ]
    },
    {
      "module": "module.azure",
      "mode": "managed",
      "type": "azurerm_network_security_rule",
      "name": "sgrule3",
      "provider": "provider[\"registry.terraform.io/hashicorp/azurerm\"].myazure",
      "instances": [
        {
          "schema_version": 0,
          "attributes": {
            "access": "Allow",
            "description": "",
            "destination_address_prefix": "*",
            "destination_address_prefixes": null,
            "destination_application_security_group_ids": null,
            "destination_port_range": "*",
            "destination_port_ranges": null,
            "direction": "Inbound",
            "id": "/subscriptions/6c8c8a7b-6023-4b39-8f24-f8aa195e268b/resourceGroups/mnkc_rg/providers/Microsoft.Network/networkSecurityGroups/security_wizard/securityRules/k8s-1",
            "name": "k8s-1",
            "network_security_group_name": "security_wizard",
            "priority": 102,
            "protocol": "Tcp",
            "resource_group_name": "mnkc_rg",
            "source_address_prefix": "*",
            "source_address_prefixes": null,
            "source_application_security_group_ids": null,
            "source_port_range": "6443",
            "source_port_ranges": null,
            "timeouts": null
          },
          "sensitive_attributes": [],
          "private": "eyJlMmJmYjczMC1lY2FhLTExZTYtOGY4OC0zNDM2M2JjN2M0YzAiOnsiY3JlYXRlIjoxODAwMDAwMDAwMDAwLCJkZWxldGUiOjE4MDAwMDAwMDAwMDAsInJlYWQiOjMwMDAwMDAwMDAwMCwidXBkYXRlIjoxODAwMDAwMDAwMDAwfX0=",
          "dependencies": [
            "module.azure.azurerm_network_security_group.vm_sg",
            "module.azure.azurerm_resource_group.myrg",
            "module.cluster_key.local_file.privatekey",
            "module.cluster_key.tls_private_key.keypair"
          ]
        }
      ]
    },
    {
      "module": "module.azure",
      "mode": "managed",
      "type": "azurerm_network_security_rule",
      "name": "sgrule4",
      "provider": "provider[\"registry.terraform.io/hashicorp/azurerm\"].myazure",
      "instances": [
        {
          "schema_version": 0,
          "attributes": {
            "access": "Allow",
            "description": "",
            "destination_address_prefix": "*",
            "destination_address_prefixes": null,
            "destination_application_security_group_ids": null,
            "destination_port_range": "*",
            "destination_port_ranges": null,
            "direction": "Inbound",
            "id": "/subscriptions/6c8c8a7b-6023-4b39-8f24-f8aa195e268b/resourceGroups/mnkc_rg/providers/Microsoft.Network/networkSecurityGroups/security_wizard/securityRules/k8s-2",
            "name": "k8s-2",
            "network_security_group_name": "security_wizard",
            "priority": 103,
            "protocol": "Tcp",
            "resource_group_name": "mnkc_rg",
            "source_address_prefix": "*",
            "source_address_prefixes": null,
            "source_application_security_group_ids": null,
            "source_port_range": "8080",
            "source_port_ranges": null,
            "timeouts": null
          },
          "sensitive_attributes": [],
          "private": "eyJlMmJmYjczMC1lY2FhLTExZTYtOGY4OC0zNDM2M2JjN2M0YzAiOnsiY3JlYXRlIjoxODAwMDAwMDAwMDAwLCJkZWxldGUiOjE4MDAwMDAwMDAwMDAsInJlYWQiOjMwMDAwMDAwMDAwMCwidXBkYXRlIjoxODAwMDAwMDAwMDAwfX0=",
          "dependencies": [
            "module.azure.azurerm_network_security_group.vm_sg",
            "module.azure.azurerm_resource_group.myrg",
            "module.cluster_key.local_file.privatekey",
            "module.cluster_key.tls_private_key.keypair"
          ]
        }
      ]
    },
    {
      "module": "module.azure",
      "mode": "managed",
      "type": "azurerm_network_security_rule",
      "name": "sgrule5",
      "provider": "provider[\"registry.terraform.io/hashicorp/azurerm\"].myazure",
      "instances": [
        {
          "schema_version": 0,
          "attributes": {
            "access": "Allow",
            "description": "",
            "destination_address_prefix": "*",
            "destination_address_prefixes": null,
            "destination_application_security_group_ids": null,
            "destination_port_range": "*",
            "destination_port_ranges": null,
            "direction": "Inbound",
            "id": "/subscriptions/6c8c8a7b-6023-4b39-8f24-f8aa195e268b/resourceGroups/mnkc_rg/providers/Microsoft.Network/networkSecurityGroups/security_wizard/securityRules/ping",
            "name": "ping",
            "network_security_group_name": "security_wizard",
            "priority": 104,
            "protocol": "Icmp",
            "resource_group_name": "mnkc_rg",
            "source_address_prefix": "*",
            "source_address_prefixes": null,
            "source_application_security_group_ids": null,
            "source_port_range": "*",
            "source_port_ranges": null,
            "timeouts": null
          },
          "sensitive_attributes": [],
          "private": "eyJlMmJmYjczMC1lY2FhLTExZTYtOGY4OC0zNDM2M2JjN2M0YzAiOnsiY3JlYXRlIjoxODAwMDAwMDAwMDAwLCJkZWxldGUiOjE4MDAwMDAwMDAwMDAsInJlYWQiOjMwMDAwMDAwMDAwMCwidXBkYXRlIjoxODAwMDAwMDAwMDAwfX0=",
          "dependencies": [
            "module.azure.azurerm_network_security_group.vm_sg",
            "module.azure.azurerm_resource_group.myrg",
            "module.cluster_key.local_file.privatekey",
            "module.cluster_key.tls_private_key.keypair"
          ]
        }
      ]
    },
    {
      "module": "module.azure",
      "mode": "managed",
      "type": "azurerm_network_security_rule",
      "name": "sgrule6",
      "provider": "provider[\"registry.terraform.io/hashicorp/azurerm\"].myazure",
      "instances": [
        {
          "schema_version": 0,
          "attributes": {
            "access": "Allow",
            "description": "",
            "destination_address_prefix": "*",
            "destination_address_prefixes": null,
            "destination_application_security_group_ids": null,
            "destination_port_range": "*",
            "destination_port_ranges": null,
            "direction": "Outbound",
            "id": "/subscriptions/6c8c8a7b-6023-4b39-8f24-f8aa195e268b/resourceGroups/mnkc_rg/providers/Microsoft.Network/networkSecurityGroups/security_wizard/securityRules/egress",
            "name": "egress",
            "network_security_group_name": "security_wizard",
            "priority": 100,
            "protocol": "*",
            "resource_group_name": "mnkc_rg",
            "source_address_prefix": "*",
            "source_address_prefixes": null,
            "source_application_security_group_ids": null,
            "source_port_range": "*",
            "source_port_ranges": null,
            "timeouts": null
          },
          "sensitive_attributes": [],
          "private": "eyJlMmJmYjczMC1lY2FhLTExZTYtOGY4OC0zNDM2M2JjN2M0YzAiOnsiY3JlYXRlIjoxODAwMDAwMDAwMDAwLCJkZWxldGUiOjE4MDAwMDAwMDAwMDAsInJlYWQiOjMwMDAwMDAwMDAwMCwidXBkYXRlIjoxODAwMDAwMDAwMDAwfX0=",
          "dependencies": [
            "module.azure.azurerm_network_security_group.vm_sg",
            "module.azure.azurerm_resource_group.myrg",
            "module.cluster_key.local_file.privatekey",
            "module.cluster_key.tls_private_key.keypair"
          ]
        }
      ]
    },
    {
      "module": "module.azure",
      "mode": "managed",
      "type": "azurerm_public_ip",
      "name": "azure_pubip1",
      "provider": "provider[\"registry.terraform.io/hashicorp/azurerm\"].myazure",
      "instances": [
        {
          "schema_version": 0,
          "attributes": {
            "allocation_method": "Static",
            "availability_zone": "No-Zone",
            "domain_name_label": null,
            "fqdn": null,
            "id": "/subscriptions/6c8c8a7b-6023-4b39-8f24-f8aa195e268b/resourceGroups/mnkc_rg/providers/Microsoft.Network/publicIPAddresses/publicIPforVPN",
            "idle_timeout_in_minutes": 4,
            "ip_address": "52.140.126.123",
            "ip_tags": null,
            "ip_version": "IPv4",
            "location": "centralindia",
            "name": "publicIPforVPN",
            "public_ip_prefix_id": null,
            "resource_group_name": "mnkc_rg",
            "reverse_fqdn": null,
            "sku": "Basic",
            "sku_tier": "Regional",
            "tags": null,
            "timeouts": null,
            "zones": []
          },
          "sensitive_attributes": [],
          "private": "eyJlMmJmYjczMC1lY2FhLTExZTYtOGY4OC0zNDM2M2JjN2M0YzAiOnsiY3JlYXRlIjoxODAwMDAwMDAwMDAwLCJkZWxldGUiOjE4MDAwMDAwMDAwMDAsInJlYWQiOjMwMDAwMDAwMDAwMCwidXBkYXRlIjoxODAwMDAwMDAwMDAwfX0=",
          "dependencies": [
            "module.azure.azurerm_resource_group.myrg",
            "module.cluster_key.local_file.privatekey",
            "module.cluster_key.tls_private_key.keypair"
          ]
        }
      ]
    },
    {
      "module": "module.azure",
      "mode": "managed",
      "type": "azurerm_public_ip",
      "name": "vm_pubip",
      "provider": "provider[\"registry.terraform.io/hashicorp/azurerm\"].myazure",
      "instances": [
        {
          "schema_version": 0,
          "attributes": {
            "allocation_method": "Dynamic",
            "availability_zone": "No-Zone",
            "domain_name_label": null,
            "fqdn": null,
            "id": "/subscriptions/6c8c8a7b-6023-4b39-8f24-f8aa195e268b/resourceGroups/mnkc_rg/providers/Microsoft.Network/publicIPAddresses/acceptanceTestPublicIp1",
            "idle_timeout_in_minutes": 4,
            "ip_address": "",
            "ip_tags": null,
            "ip_version": "IPv4",
            "location": "centralindia",
            "name": "acceptanceTestPublicIp1",
            "public_ip_prefix_id": null,
            "resource_group_name": "mnkc_rg",
            "reverse_fqdn": null,
            "sku": "Basic",
            "sku_tier": "Regional",
            "tags": {
              "Name": "slavevm-ip"
            },
            "timeouts": null,
            "zones": []
          },
          "sensitive_attributes": [],
          "private": "eyJlMmJmYjczMC1lY2FhLTExZTYtOGY4OC0zNDM2M2JjN2M0YzAiOnsiY3JlYXRlIjoxODAwMDAwMDAwMDAwLCJkZWxldGUiOjE4MDAwMDAwMDAwMDAsInJlYWQiOjMwMDAwMDAwMDAwMCwidXBkYXRlIjoxODAwMDAwMDAwMDAwfX0=",
          "dependencies": [
            "module.azure.azurerm_resource_group.myrg",
            "module.cluster_key.local_file.privatekey",
            "module.cluster_key.tls_private_key.keypair"
          ]
        }
      ]
    },
    {
      "module": "module.azure",
      "mode": "managed",
      "type": "azurerm_resource_group",
      "name": "myrg",
      "provider": "provider[\"registry.terraform.io/hashicorp/azurerm\"].myazure",
      "instances": [
        {
          "schema_version": 0,
          "attributes": {
            "id": "/subscriptions/6c8c8a7b-6023-4b39-8f24-f8aa195e268b/resourceGroups/mnkc_rg",
            "location": "centralindia",
            "name": "mnkc_rg",
            "tags": null,
            "timeouts": null
          },
          "sensitive_attributes": [],
          "private": "eyJlMmJmYjczMC1lY2FhLTExZTYtOGY4OC0zNDM2M2JjN2M0YzAiOnsiY3JlYXRlIjo1NDAwMDAwMDAwMDAwLCJkZWxldGUiOjU0MDAwMDAwMDAwMDAsInJlYWQiOjMwMDAwMDAwMDAwMCwidXBkYXRlIjo1NDAwMDAwMDAwMDAwfX0=",
          "dependencies": [
            "module.cluster_key.local_file.privatekey",
            "module.cluster_key.tls_private_key.keypair"
          ]
        }
      ]
    },
    {
      "module": "module.azure",
      "mode": "managed",
      "type": "azurerm_ssh_public_key",
      "name": "cluster-key",
      "provider": "provider[\"registry.terraform.io/hashicorp/azurerm\"].myazure",
      "instances": [
        {
          "schema_version": 0,
          "attributes": {
            "id": "/subscriptions/6c8c8a7b-6023-4b39-8f24-f8aa195e268b/resourceGroups/MNKC_RG/providers/Microsoft.Compute/sshPublicKeys/k8s-cluster-vm-key",
            "location": "centralindia",
            "name": "k8s-cluster-vm-key",
            "public_key": "ssh-rsa AAAAB3NzaC1yc2EAAAADAQABAAACAQCnCl3dzEzx3ROiDV3LumFpPBFZxJV3ROe7J3sXLjV4jJlNjln4XcfNZ9qYFiX63W12HsWjg6wd7R7FVuH7vUK7EF18Zb+qZkxhFsCTs5BlLUYyOfzQplN1c5xjjPK5iX4P9gA6UDf7vm2bYgSqPav8JZxmsnZlpGiUzWM+sGpi3l/kyD2ei+CMppGVfKVCuCT4g5a2mS+DONo64U5gXIOf4gh1JXXGvad4xbp5NF2T0qMuoDelbvhD+AYOiOrmJDW31PpA/md+tX0MD/EQxrYi1idVK4+IiYdtB4bClEHXlxAG1qp5NSS1iYIL4y2xhekFB0pVIqvOv9/w7c8Lwqa7f39ezc0GMkmD9GstVkIXDaaaBRlBTfUBv5vweOF9bpHjiAME2YlyB3/K0vjQERW/Zd1P8C0qlzT5IHRAa9d3nIP6g/CcWjtu3iSoeZ21ZpNaBaqjjD4UPBxsnniLzckyXu+kIazcrNZKdkgWkTvxzOuK5XITO8Wxa08JeVamGk0uKtYeCdf++r83aMJ+1aw7Oq027RFy1oSBmJ4AALx4MFW8aVkjXeyUGxlOSt1XWo8pAcJ33wMnw8RDxsDUvKTh5ArMK58Dk+55+dPq7vJQ6KEtEdPd+/JPS5Sw6lt+pIxgTn6pwaQNittbvpAdlDMijcfSayr8jeGtZ0Pu58gZfQ==\n",
            "resource_group_name": "MNKC_RG",
            "tags": null,
            "timeouts": null
          },
          "sensitive_attributes": [],
          "private": "eyJlMmJmYjczMC1lY2FhLTExZTYtOGY4OC0zNDM2M2JjN2M0YzAiOnsiY3JlYXRlIjoyNzAwMDAwMDAwMDAwLCJkZWxldGUiOjI3MDAwMDAwMDAwMDAsInJlYWQiOjMwMDAwMDAwMDAwMCwidXBkYXRlIjoyNzAwMDAwMDAwMDAwfX0=",
          "dependencies": [
            "module.azure.azurerm_resource_group.myrg",
            "module.cluster_key.local_file.privatekey",
            "module.cluster_key.tls_private_key.keypair"
          ]
        }
      ]
    },
    {
      "module": "module.azure",
      "mode": "managed",
      "type": "azurerm_subnet",
      "name": "vm_subnet",
      "provider": "provider[\"registry.terraform.io/hashicorp/azurerm\"].myazure",
      "instances": [
        {
          "schema_version": 0,
          "attributes": {
            "address_prefix": "192.168.1.0/24",
            "address_prefixes": [
              "192.168.1.0/24"
            ],
            "delegation": [],
            "enforce_private_link_endpoint_network_policies": false,
            "enforce_private_link_service_network_policies": false,
            "id": "/subscriptions/6c8c8a7b-6023-4b39-8f24-f8aa195e268b/resourceGroups/mnkc_rg/providers/Microsoft.Network/virtualNetworks/vpc/subnets/subnet1",
            "name": "subnet1",
            "resource_group_name": "mnkc_rg",
            "service_endpoint_policy_ids": null,
            "service_endpoints": null,
            "timeouts": null,
            "virtual_network_name": "vpc"
          },
          "sensitive_attributes": [],
          "private": "eyJlMmJmYjczMC1lY2FhLTExZTYtOGY4OC0zNDM2M2JjN2M0YzAiOnsiY3JlYXRlIjoxODAwMDAwMDAwMDAwLCJkZWxldGUiOjE4MDAwMDAwMDAwMDAsInJlYWQiOjMwMDAwMDAwMDAwMCwidXBkYXRlIjoxODAwMDAwMDAwMDAwfX0=",
          "dependencies": [
            "module.azure.azurerm_resource_group.myrg",
            "module.azure.azurerm_virtual_network.vpc",
            "module.cluster_key.local_file.privatekey",
            "module.cluster_key.tls_private_key.keypair"
          ]
        }
      ]
    },
    {
      "module": "module.azure",
      "mode": "managed",
      "type": "azurerm_virtual_network",
      "name": "vpc",
      "provider": "provider[\"registry.terraform.io/hashicorp/azurerm\"].myazure",
      "instances": [
        {
          "schema_version": 0,
          "attributes": {
            "address_space": [
              "192.168.0.0/16"
            ],
            "bgp_community": "",
            "ddos_protection_plan": [],
            "dns_servers": [],
            "flow_timeout_in_minutes": 0,
            "guid": "eb461c58-d1a8-4bb9-bc83-28fef19bf5f0",
            "id": "/subscriptions/6c8c8a7b-6023-4b39-8f24-f8aa195e268b/resourceGroups/mnkc_rg/providers/Microsoft.Network/virtualNetworks/vpc",
            "location": "centralindia",
            "name": "vpc",
            "resource_group_name": "mnkc_rg",
            "subnet": [],
            "tags": {
              "Name": "vpc_mnkc"
            },
            "timeouts": null,
            "vm_protection_enabled": false
          },
          "sensitive_attributes": [],
          "private": "eyJlMmJmYjczMC1lY2FhLTExZTYtOGY4OC0zNDM2M2JjN2M0YzAiOnsiY3JlYXRlIjoxODAwMDAwMDAwMDAwLCJkZWxldGUiOjE4MDAwMDAwMDAwMDAsInJlYWQiOjMwMDAwMDAwMDAwMCwidXBkYXRlIjoxODAwMDAwMDAwMDAwfX0=",
          "dependencies": [
            "module.azure.azurerm_resource_group.myrg",
            "module.cluster_key.local_file.privatekey",
            "module.cluster_key.tls_private_key.keypair"
          ]
        }
      ]
    },
    {
      "module": "module.cluster_key",
      "mode": "managed",
      "type": "local_file",
      "name": "privatekey",
      "provider": "provider[\"registry.terraform.io/hashicorp/local\"]",
      "instances": [
        {
          "schema_version": 0,
          "attributes": {
            "content": "-----BEGIN RSA PRIVATE KEY-----\nMIIJKAIBAAKCAgEApwpd3cxM8d0Tog1dy7phaTwRWcSVd0Tnuyd7Fy41eIyZTY5Z\n+F3HzWfamBYl+t1tdh7Fo4OsHe0exVbh+71CuxBdfGW/qmZMYRbAk7OQZS1GMjn8\n0KZTdXOcY4zyuYl+D/YAOlA3+75tm2IEqj2r/CWcZrJ2ZaRolM1jPrBqYt5f5Mg9\nnovgjKaRlXylQrgk+IOWtpkvgzjaOuFOYFyDn+IIdSV1xr2neMW6eTRdk9KjLqA3\npW74Q/gGDojq5iQ1t9T6QP5nfrV9DA/xEMa2ItYnVSuPiImHbQeGwpRB15cQBtaq\neTUktYmCC+MtsYXpBQdKVSKrzr/f8O3PC8Kmu39/Xs3NBjJJg/RrLVZCFw2mmgUZ\nQU31Ab+b8HjhfW6R44gDBNmJcgd/ytL40BEVv2XdT/AtKpc0+SB0QGvXd5yD+oPw\nnFo7bt4kqHmdtWaTWgWqo4w+FDwcbJ54i83JMl7vpCGs3KzWSnZIFpE78czriuVy\nEzvFsWtPCXlWphpNLirWHgnX/vq/N2jCftWsOzqtNu0RctaEgZieAAC8eDBVvGlZ\nI13slBsZTkrdV1qPKQHCd98DJ8PEQ8bA1Lyk4eQKzCufA5PuefnT6u7yUOihLRHT\n3fvyT0uUsOpbfqSMYE5+qcGkDYrbW76QHZQzIo3H0msq/I3hrWdD7ufIGX0CAwEA\nAQKCAgEAixFEaL4IaWynRclfB5gaNWS/BT93OJ7zVoteHURpW/2iPEGBgheBmu8V\nvHzkDeF/mlGwNZwQFbIuZhkZd15wShEr479KPPGCMWqh1dYvJyz0Piis5IE1BpnD\n39We1v0zKNKkCehzU3GNC0olnB5QK1KczZtSmviv4QLF15FEYR/GMlDLjE3kGvUq\nS4xEgjGRBh13wnnyZotUlKSzfeJH6zph1DXlwhpvbUshHnuMVN+O3+ifq2mh4+SA\nFmXDOut2laAI4Udsnr82Zm53QoJNbN9iS7RCgWgOiaU0epa34mdv/mGF9/dYopLi\n5Ea06hEUmQ0iw5Jj+3MfXBSAxce+yw6mpgH+0zm/NKCJwRC5Rqca7JW5pejY3aF4\nTQKEynt+N9Ex0rKzuMeCHufFLukpNGPQsnVC2/9n2YW40nFdNMoet0Yewr6K8Eix\nKhCjHaKHm4hkpLSkug/s8DngXvBO8sEQ/G9JDk86KT1qyg/RbjkMZSh/MQ30EJ7h\n2URcAIqfgWkrWdUYJpnVyh0WxvhgPOwxxafrhupUb0Hr/2oqsHp5+ChDhv0TZVdC\nfuAiIjCuXFLNcKtOt1leA8+3ZpG/7+i8aR05BgOX9I4GxcxwCZoskqqbJwdP8VMS\nMBqJNSHYiUFuePNq7tsmsXu1vv5dcR6TGcQciaXmE2EX9It0mzkCggEBAMel3ZMl\n3dBPn9MyF0VnPiFdXBf38DuOx6S7AuOUsOsZj61vmpynXH9N/acOmT7nDj9Act59\n81SddPpwSZba+k2mQnV5PLcI7JauWrZVuyNzswgDgpgybOZdz3GMmJ6OBkppZSJF\noF4saz0lzulerOChEhSQqA2Jwtoq5ttO28bZmXmCELT/mF0ej8JUaDmwvY50G7D4\nzPLKwqHpQ+lE6LPjUIxtIxpt7pYGsdKIwRXu1dlpLNw8ELBhK1XbvsGd2Sa4G2Rt\niugZn7Yht+5YR1gDSd4PzS0kPMu6GdL7UHUViMbVt9vET2QqWLMilvO3mb/estIZ\n/paRo9CMAXwfBosCggEBANYwW7zb45sj7cvbSZJGYSVoS17JL4DtfhRuqLYk8Ovj\n0CUwM0sIL1KGNPw51Sl4W2pb3Ey/2POUr/RFLlO3Z7NGeTC8YM3p99T90kNm/WXn\nVJA3yNezHS7rRVbO6Z6Dr3QeXDLncHFE1YzpmqS0UWuF8hQwZR9nBQvQSkNSCk+y\nnwVnXmCc2kCraxoBoT2OhRfjx67C0dWr8bzlUWDKremRvdbEf6fTIIxKJN7MCDir\nL8QJcG4Vpf2tCNF1RFTM0/FpPZWDwJX+1cnXSO+gjK8dA/vW01xC8duVP2VnyGm2\nDjgO6saxLdF12AvMI7/BvLculxrEoxTrfkL9YPde6RcCggEAQ0dE3OKE1j8O5/fY\nWb4J9OpmL3mRDjD2XC/dMF4aJI/PmC2k16eahxf8I4DK6aSpa21HiGy/RENveTm/\nwsN2WBZwDPBXIoMyXzDQRuOrFa5WpZuxNaLAif0Q+/3aLIxF2Gud9ieqfDHRzaBh\nEsmhzmzZD+8TgsRq0mRkuYDglSkdDBJlmOkNKkwzO9R/7vj9V/UOo9ukDSmA31kh\nVomvNXej3D6m9rAXF52X7Q/CqaZ7kDFeObVQFnAYT22m4c5UsDSYnoY/qimAZbsF\nJZ/AIwuwp9GBXfX5Otoy+6NPILWqCv9YXwnPizyt+WftoKG9gSgF8MFrxse7gXq8\nwVwfMwKCAQBA4kNYEdCANcEaiSJfYlyZZV+3pgBy8P7Jl8AZ9VTaUJfEPDa9mwwi\n1q8EXUyalHA05wD0awWAvGEVAUQIbj3GzCl4PwigOCkwZ3ejnXZTwWEXkx6PYR4N\nEY5evq18rG2hInVRolSoq255kmabUFh91wS/Yu2vNpkLvBxTCm4/OF/91hN79ugS\nwRrftPCwYhUlaIYcBb5lGQJQ87LUPHG0mMbGYZ4+K7Hnbap/p5Ux/YGpxCY/4uT2\n1M0gDoMVoTrvHa9fNJtJlPoUe9gHZz5W6dZEGw7KGymDGFItGORYSaNDDhnG+PNl\nSWqaIEwQEdNmNoHlxP2WH8SO7IzMQv8fAoIBADtPH7nUphtjpRrJC00c50ID2mR3\nShIbr2ed6r+s6XC3gfBuvfwivomqDhj1gPXuLtMK3B4L/Tv4vNFkJfjpPtoVQvy4\ncL/s6PUQtyx41vcIbQ4GIW0sEarFNvQ7aiuIoL5HHm3USWF62llT/qyI1IBBw73p\nG2zWrFodcWGTqgZWzwdVp2iJ8Wq5WSM14iNICHtJlknciihuFJRSvif/JMI7LAhR\nEl6KOKhh/MbCkh7CCM4Dj2Xzo8Kml3zj3yXvVxfIrAEsqXcyalDcp+QV3onZmpdv\n7/dPNbEAkznBpnRgxdw/g1SwVYRaPyTtVG87rJnrM5swG1ZiiqMcziLDrzQ=\n-----END RSA PRIVATE KEY-----\n",
            "content_base64": null,
            "directory_permission": "0777",
            "file_permission": "600",
            "filename": "k8s-cluster-vm-key.pem",
            "id": "edad020e312b525ce2e1294984f7e3de8c023f3e",
            "sensitive_content": null,
            "source": null
          },
          "sensitive_attributes": [
            [
              {
                "type": "get_attr",
                "value": "content"
              }
            ]
          ],
          "private": "bnVsbA==",
          "dependencies": [
            "module.cluster_key.tls_private_key.keypair"
          ]
        }
      ]
    },
    {
      "module": "module.cluster_key",
      "mode": "managed",
      "type": "tls_private_key",
      "name": "keypair",
      "provider": "provider[\"registry.terraform.io/hashicorp/tls\"]",
      "instances": [
        {
          "schema_version": 0,
          "attributes": {
            "algorithm": "RSA",
            "ecdsa_curve": "P224",
            "id": "bcd10e3ed3bd2f8d0ecf300ca507bb95220a32a5",
            "private_key_pem": "-----BEGIN RSA PRIVATE KEY-----\nMIIJKAIBAAKCAgEApwpd3cxM8d0Tog1dy7phaTwRWcSVd0Tnuyd7Fy41eIyZTY5Z\n+F3HzWfamBYl+t1tdh7Fo4OsHe0exVbh+71CuxBdfGW/qmZMYRbAk7OQZS1GMjn8\n0KZTdXOcY4zyuYl+D/YAOlA3+75tm2IEqj2r/CWcZrJ2ZaRolM1jPrBqYt5f5Mg9\nnovgjKaRlXylQrgk+IOWtpkvgzjaOuFOYFyDn+IIdSV1xr2neMW6eTRdk9KjLqA3\npW74Q/gGDojq5iQ1t9T6QP5nfrV9DA/xEMa2ItYnVSuPiImHbQeGwpRB15cQBtaq\neTUktYmCC+MtsYXpBQdKVSKrzr/f8O3PC8Kmu39/Xs3NBjJJg/RrLVZCFw2mmgUZ\nQU31Ab+b8HjhfW6R44gDBNmJcgd/ytL40BEVv2XdT/AtKpc0+SB0QGvXd5yD+oPw\nnFo7bt4kqHmdtWaTWgWqo4w+FDwcbJ54i83JMl7vpCGs3KzWSnZIFpE78czriuVy\nEzvFsWtPCXlWphpNLirWHgnX/vq/N2jCftWsOzqtNu0RctaEgZieAAC8eDBVvGlZ\nI13slBsZTkrdV1qPKQHCd98DJ8PEQ8bA1Lyk4eQKzCufA5PuefnT6u7yUOihLRHT\n3fvyT0uUsOpbfqSMYE5+qcGkDYrbW76QHZQzIo3H0msq/I3hrWdD7ufIGX0CAwEA\nAQKCAgEAixFEaL4IaWynRclfB5gaNWS/BT93OJ7zVoteHURpW/2iPEGBgheBmu8V\nvHzkDeF/mlGwNZwQFbIuZhkZd15wShEr479KPPGCMWqh1dYvJyz0Piis5IE1BpnD\n39We1v0zKNKkCehzU3GNC0olnB5QK1KczZtSmviv4QLF15FEYR/GMlDLjE3kGvUq\nS4xEgjGRBh13wnnyZotUlKSzfeJH6zph1DXlwhpvbUshHnuMVN+O3+ifq2mh4+SA\nFmXDOut2laAI4Udsnr82Zm53QoJNbN9iS7RCgWgOiaU0epa34mdv/mGF9/dYopLi\n5Ea06hEUmQ0iw5Jj+3MfXBSAxce+yw6mpgH+0zm/NKCJwRC5Rqca7JW5pejY3aF4\nTQKEynt+N9Ex0rKzuMeCHufFLukpNGPQsnVC2/9n2YW40nFdNMoet0Yewr6K8Eix\nKhCjHaKHm4hkpLSkug/s8DngXvBO8sEQ/G9JDk86KT1qyg/RbjkMZSh/MQ30EJ7h\n2URcAIqfgWkrWdUYJpnVyh0WxvhgPOwxxafrhupUb0Hr/2oqsHp5+ChDhv0TZVdC\nfuAiIjCuXFLNcKtOt1leA8+3ZpG/7+i8aR05BgOX9I4GxcxwCZoskqqbJwdP8VMS\nMBqJNSHYiUFuePNq7tsmsXu1vv5dcR6TGcQciaXmE2EX9It0mzkCggEBAMel3ZMl\n3dBPn9MyF0VnPiFdXBf38DuOx6S7AuOUsOsZj61vmpynXH9N/acOmT7nDj9Act59\n81SddPpwSZba+k2mQnV5PLcI7JauWrZVuyNzswgDgpgybOZdz3GMmJ6OBkppZSJF\noF4saz0lzulerOChEhSQqA2Jwtoq5ttO28bZmXmCELT/mF0ej8JUaDmwvY50G7D4\nzPLKwqHpQ+lE6LPjUIxtIxpt7pYGsdKIwRXu1dlpLNw8ELBhK1XbvsGd2Sa4G2Rt\niugZn7Yht+5YR1gDSd4PzS0kPMu6GdL7UHUViMbVt9vET2QqWLMilvO3mb/estIZ\n/paRo9CMAXwfBosCggEBANYwW7zb45sj7cvbSZJGYSVoS17JL4DtfhRuqLYk8Ovj\n0CUwM0sIL1KGNPw51Sl4W2pb3Ey/2POUr/RFLlO3Z7NGeTC8YM3p99T90kNm/WXn\nVJA3yNezHS7rRVbO6Z6Dr3QeXDLncHFE1YzpmqS0UWuF8hQwZR9nBQvQSkNSCk+y\nnwVnXmCc2kCraxoBoT2OhRfjx67C0dWr8bzlUWDKremRvdbEf6fTIIxKJN7MCDir\nL8QJcG4Vpf2tCNF1RFTM0/FpPZWDwJX+1cnXSO+gjK8dA/vW01xC8duVP2VnyGm2\nDjgO6saxLdF12AvMI7/BvLculxrEoxTrfkL9YPde6RcCggEAQ0dE3OKE1j8O5/fY\nWb4J9OpmL3mRDjD2XC/dMF4aJI/PmC2k16eahxf8I4DK6aSpa21HiGy/RENveTm/\nwsN2WBZwDPBXIoMyXzDQRuOrFa5WpZuxNaLAif0Q+/3aLIxF2Gud9ieqfDHRzaBh\nEsmhzmzZD+8TgsRq0mRkuYDglSkdDBJlmOkNKkwzO9R/7vj9V/UOo9ukDSmA31kh\nVomvNXej3D6m9rAXF52X7Q/CqaZ7kDFeObVQFnAYT22m4c5UsDSYnoY/qimAZbsF\nJZ/AIwuwp9GBXfX5Otoy+6NPILWqCv9YXwnPizyt+WftoKG9gSgF8MFrxse7gXq8\nwVwfMwKCAQBA4kNYEdCANcEaiSJfYlyZZV+3pgBy8P7Jl8AZ9VTaUJfEPDa9mwwi\n1q8EXUyalHA05wD0awWAvGEVAUQIbj3GzCl4PwigOCkwZ3ejnXZTwWEXkx6PYR4N\nEY5evq18rG2hInVRolSoq255kmabUFh91wS/Yu2vNpkLvBxTCm4/OF/91hN79ugS\nwRrftPCwYhUlaIYcBb5lGQJQ87LUPHG0mMbGYZ4+K7Hnbap/p5Ux/YGpxCY/4uT2\n1M0gDoMVoTrvHa9fNJtJlPoUe9gHZz5W6dZEGw7KGymDGFItGORYSaNDDhnG+PNl\nSWqaIEwQEdNmNoHlxP2WH8SO7IzMQv8fAoIBADtPH7nUphtjpRrJC00c50ID2mR3\nShIbr2ed6r+s6XC3gfBuvfwivomqDhj1gPXuLtMK3B4L/Tv4vNFkJfjpPtoVQvy4\ncL/s6PUQtyx41vcIbQ4GIW0sEarFNvQ7aiuIoL5HHm3USWF62llT/qyI1IBBw73p\nG2zWrFodcWGTqgZWzwdVp2iJ8Wq5WSM14iNICHtJlknciihuFJRSvif/JMI7LAhR\nEl6KOKhh/MbCkh7CCM4Dj2Xzo8Kml3zj3yXvVxfIrAEsqXcyalDcp+QV3onZmpdv\n7/dPNbEAkznBpnRgxdw/g1SwVYRaPyTtVG87rJnrM5swG1ZiiqMcziLDrzQ=\n-----END RSA PRIVATE KEY-----\n",
            "public_key_fingerprint_md5": "57:05:9e:0e:4c:3b:f3:0d:11:67:fc:41:86:e1:18:63",
            "public_key_openssh": "ssh-rsa AAAAB3NzaC1yc2EAAAADAQABAAACAQCnCl3dzEzx3ROiDV3LumFpPBFZxJV3ROe7J3sXLjV4jJlNjln4XcfNZ9qYFiX63W12HsWjg6wd7R7FVuH7vUK7EF18Zb+qZkxhFsCTs5BlLUYyOfzQplN1c5xjjPK5iX4P9gA6UDf7vm2bYgSqPav8JZxmsnZlpGiUzWM+sGpi3l/kyD2ei+CMppGVfKVCuCT4g5a2mS+DONo64U5gXIOf4gh1JXXGvad4xbp5NF2T0qMuoDelbvhD+AYOiOrmJDW31PpA/md+tX0MD/EQxrYi1idVK4+IiYdtB4bClEHXlxAG1qp5NSS1iYIL4y2xhekFB0pVIqvOv9/w7c8Lwqa7f39ezc0GMkmD9GstVkIXDaaaBRlBTfUBv5vweOF9bpHjiAME2YlyB3/K0vjQERW/Zd1P8C0qlzT5IHRAa9d3nIP6g/CcWjtu3iSoeZ21ZpNaBaqjjD4UPBxsnniLzckyXu+kIazcrNZKdkgWkTvxzOuK5XITO8Wxa08JeVamGk0uKtYeCdf++r83aMJ+1aw7Oq027RFy1oSBmJ4AALx4MFW8aVkjXeyUGxlOSt1XWo8pAcJ33wMnw8RDxsDUvKTh5ArMK58Dk+55+dPq7vJQ6KEtEdPd+/JPS5Sw6lt+pIxgTn6pwaQNittbvpAdlDMijcfSayr8jeGtZ0Pu58gZfQ==\n",
            "public_key_pem": "-----BEGIN PUBLIC KEY-----\nMIICIjANBgkqhkiG9w0BAQEFAAOCAg8AMIICCgKCAgEApwpd3cxM8d0Tog1dy7ph\naTwRWcSVd0Tnuyd7Fy41eIyZTY5Z+F3HzWfamBYl+t1tdh7Fo4OsHe0exVbh+71C\nuxBdfGW/qmZMYRbAk7OQZS1GMjn80KZTdXOcY4zyuYl+D/YAOlA3+75tm2IEqj2r\n/CWcZrJ2ZaRolM1jPrBqYt5f5Mg9novgjKaRlXylQrgk+IOWtpkvgzjaOuFOYFyD\nn+IIdSV1xr2neMW6eTRdk9KjLqA3pW74Q/gGDojq5iQ1t9T6QP5nfrV9DA/xEMa2\nItYnVSuPiImHbQeGwpRB15cQBtaqeTUktYmCC+MtsYXpBQdKVSKrzr/f8O3PC8Km\nu39/Xs3NBjJJg/RrLVZCFw2mmgUZQU31Ab+b8HjhfW6R44gDBNmJcgd/ytL40BEV\nv2XdT/AtKpc0+SB0QGvXd5yD+oPwnFo7bt4kqHmdtWaTWgWqo4w+FDwcbJ54i83J\nMl7vpCGs3KzWSnZIFpE78czriuVyEzvFsWtPCXlWphpNLirWHgnX/vq/N2jCftWs\nOzqtNu0RctaEgZieAAC8eDBVvGlZI13slBsZTkrdV1qPKQHCd98DJ8PEQ8bA1Lyk\n4eQKzCufA5PuefnT6u7yUOihLRHT3fvyT0uUsOpbfqSMYE5+qcGkDYrbW76QHZQz\nIo3H0msq/I3hrWdD7ufIGX0CAwEAAQ==\n-----END PUBLIC KEY-----\n",
            "rsa_bits": 4096
          },
          "sensitive_attributes": [],
          "private": "bnVsbA=="
        }
      ]
    },
    {
      "module": "module.git",
      "mode": "managed",
      "type": "github_repository_file",
      "name": "inventoryfile",
      "provider": "module.git.provider[\"registry.terraform.io/hashicorp/github\"]",
      "instances": [
        {
          "schema_version": 0,
          "attributes": {
            "branch": "main",
            "commit_author": "Akhilesh Jain",
            "commit_email": "akhileshjain9221@gmail.com",
            "commit_message": "Ansible Inventory file updated",
            "commit_sha": "c8557d4a4c29ab62c0cb69485026dca6934ec84f",
            "content": "[aws_master]\n13.126.75.16 ansible_user=centos\n\n[aws_slave1]\n13.233.121.140 ansible_user=centos\n\n[azure_slave1]\n20.192.0.252 ansible_user=akhil ansible_become_password=Akhil29@\n\n[slaves:children]\naws_slave1\nazure_slave1\n",
            "file": "inventory",
            "id": "Ansible-Internship-Project/inventory",
            "overwrite_on_create": true,
            "repository": "Ansible-Internship-Project",
            "sha": "b7b03de247bbffe572243264aaeaeecb438b79a8"
          },
          "sensitive_attributes": [],
          "private": "bnVsbA==",
          "dependencies": [
            "module.aws.aws_instance.k8s-master",
            "module.aws.aws_instance.k8s-slave",
            "module.aws.aws_security_group.secure",
            "module.aws.aws_subnet.mysubnet1",
            "module.aws.aws_vpc.myvpc",
            "module.azure.azurerm_linux_virtual_machine.azure_slave_vm",
            "module.azure.azurerm_network_interface.vm_nic",
            "module.azure.azurerm_public_ip.vm_pubip",
            "module.azure.azurerm_resource_group.myrg",
            "module.azure.azurerm_subnet.vm_subnet",
            "module.azure.azurerm_virtual_network.vpc",
            "module.cluster_key.local_file.privatekey",
            "module.cluster_key.tls_private_key.keypair"
          ]
        }
      ]
    },
    {
      "module": "module.git",
      "mode": "managed",
      "type": "github_repository_file",
      "name": "publickey",
      "provider": "module.git.provider[\"registry.terraform.io/hashicorp/github\"]",
      "instances": [
        {
          "schema_version": 0,
          "attributes": {
            "branch": "main",
            "commit_author": "Akhilesh Jain",
            "commit_email": "akhileshjain9221@gmail.com",
            "commit_message": "Ansible Inventory file updated",
            "commit_sha": "276d865f81db931f861f3a1387e7578cf53e49fe",
            "content": "-----BEGIN RSA PRIVATE KEY-----\nMIIJKAIBAAKCAgEApwpd3cxM8d0Tog1dy7phaTwRWcSVd0Tnuyd7Fy41eIyZTY5Z\n+F3HzWfamBYl+t1tdh7Fo4OsHe0exVbh+71CuxBdfGW/qmZMYRbAk7OQZS1GMjn8\n0KZTdXOcY4zyuYl+D/YAOlA3+75tm2IEqj2r/CWcZrJ2ZaRolM1jPrBqYt5f5Mg9\nnovgjKaRlXylQrgk+IOWtpkvgzjaOuFOYFyDn+IIdSV1xr2neMW6eTRdk9KjLqA3\npW74Q/gGDojq5iQ1t9T6QP5nfrV9DA/xEMa2ItYnVSuPiImHbQeGwpRB15cQBtaq\neTUktYmCC+MtsYXpBQdKVSKrzr/f8O3PC8Kmu39/Xs3NBjJJg/RrLVZCFw2mmgUZ\nQU31Ab+b8HjhfW6R44gDBNmJcgd/ytL40BEVv2XdT/AtKpc0+SB0QGvXd5yD+oPw\nnFo7bt4kqHmdtWaTWgWqo4w+FDwcbJ54i83JMl7vpCGs3KzWSnZIFpE78czriuVy\nEzvFsWtPCXlWphpNLirWHgnX/vq/N2jCftWsOzqtNu0RctaEgZieAAC8eDBVvGlZ\nI13slBsZTkrdV1qPKQHCd98DJ8PEQ8bA1Lyk4eQKzCufA5PuefnT6u7yUOihLRHT\n3fvyT0uUsOpbfqSMYE5+qcGkDYrbW76QHZQzIo3H0msq/I3hrWdD7ufIGX0CAwEA\nAQKCAgEAixFEaL4IaWynRclfB5gaNWS/BT93OJ7zVoteHURpW/2iPEGBgheBmu8V\nvHzkDeF/mlGwNZwQFbIuZhkZd15wShEr479KPPGCMWqh1dYvJyz0Piis5IE1BpnD\n39We1v0zKNKkCehzU3GNC0olnB5QK1KczZtSmviv4QLF15FEYR/GMlDLjE3kGvUq\nS4xEgjGRBh13wnnyZotUlKSzfeJH6zph1DXlwhpvbUshHnuMVN+O3+ifq2mh4+SA\nFmXDOut2laAI4Udsnr82Zm53QoJNbN9iS7RCgWgOiaU0epa34mdv/mGF9/dYopLi\n5Ea06hEUmQ0iw5Jj+3MfXBSAxce+yw6mpgH+0zm/NKCJwRC5Rqca7JW5pejY3aF4\nTQKEynt+N9Ex0rKzuMeCHufFLukpNGPQsnVC2/9n2YW40nFdNMoet0Yewr6K8Eix\nKhCjHaKHm4hkpLSkug/s8DngXvBO8sEQ/G9JDk86KT1qyg/RbjkMZSh/MQ30EJ7h\n2URcAIqfgWkrWdUYJpnVyh0WxvhgPOwxxafrhupUb0Hr/2oqsHp5+ChDhv0TZVdC\nfuAiIjCuXFLNcKtOt1leA8+3ZpG/7+i8aR05BgOX9I4GxcxwCZoskqqbJwdP8VMS\nMBqJNSHYiUFuePNq7tsmsXu1vv5dcR6TGcQciaXmE2EX9It0mzkCggEBAMel3ZMl\n3dBPn9MyF0VnPiFdXBf38DuOx6S7AuOUsOsZj61vmpynXH9N/acOmT7nDj9Act59\n81SddPpwSZba+k2mQnV5PLcI7JauWrZVuyNzswgDgpgybOZdz3GMmJ6OBkppZSJF\noF4saz0lzulerOChEhSQqA2Jwtoq5ttO28bZmXmCELT/mF0ej8JUaDmwvY50G7D4\nzPLKwqHpQ+lE6LPjUIxtIxpt7pYGsdKIwRXu1dlpLNw8ELBhK1XbvsGd2Sa4G2Rt\niugZn7Yht+5YR1gDSd4PzS0kPMu6GdL7UHUViMbVt9vET2QqWLMilvO3mb/estIZ\n/paRo9CMAXwfBosCggEBANYwW7zb45sj7cvbSZJGYSVoS17JL4DtfhRuqLYk8Ovj\n0CUwM0sIL1KGNPw51Sl4W2pb3Ey/2POUr/RFLlO3Z7NGeTC8YM3p99T90kNm/WXn\nVJA3yNezHS7rRVbO6Z6Dr3QeXDLncHFE1YzpmqS0UWuF8hQwZR9nBQvQSkNSCk+y\nnwVnXmCc2kCraxoBoT2OhRfjx67C0dWr8bzlUWDKremRvdbEf6fTIIxKJN7MCDir\nL8QJcG4Vpf2tCNF1RFTM0/FpPZWDwJX+1cnXSO+gjK8dA/vW01xC8duVP2VnyGm2\nDjgO6saxLdF12AvMI7/BvLculxrEoxTrfkL9YPde6RcCggEAQ0dE3OKE1j8O5/fY\nWb4J9OpmL3mRDjD2XC/dMF4aJI/PmC2k16eahxf8I4DK6aSpa21HiGy/RENveTm/\nwsN2WBZwDPBXIoMyXzDQRuOrFa5WpZuxNaLAif0Q+/3aLIxF2Gud9ieqfDHRzaBh\nEsmhzmzZD+8TgsRq0mRkuYDglSkdDBJlmOkNKkwzO9R/7vj9V/UOo9ukDSmA31kh\nVomvNXej3D6m9rAXF52X7Q/CqaZ7kDFeObVQFnAYT22m4c5UsDSYnoY/qimAZbsF\nJZ/AIwuwp9GBXfX5Otoy+6NPILWqCv9YXwnPizyt+WftoKG9gSgF8MFrxse7gXq8\nwVwfMwKCAQBA4kNYEdCANcEaiSJfYlyZZV+3pgBy8P7Jl8AZ9VTaUJfEPDa9mwwi\n1q8EXUyalHA05wD0awWAvGEVAUQIbj3GzCl4PwigOCkwZ3ejnXZTwWEXkx6PYR4N\nEY5evq18rG2hInVRolSoq255kmabUFh91wS/Yu2vNpkLvBxTCm4/OF/91hN79ugS\nwRrftPCwYhUlaIYcBb5lGQJQ87LUPHG0mMbGYZ4+K7Hnbap/p5Ux/YGpxCY/4uT2\n1M0gDoMVoTrvHa9fNJtJlPoUe9gHZz5W6dZEGw7KGymDGFItGORYSaNDDhnG+PNl\nSWqaIEwQEdNmNoHlxP2WH8SO7IzMQv8fAoIBADtPH7nUphtjpRrJC00c50ID2mR3\nShIbr2ed6r+s6XC3gfBuvfwivomqDhj1gPXuLtMK3B4L/Tv4vNFkJfjpPtoVQvy4\ncL/s6PUQtyx41vcIbQ4GIW0sEarFNvQ7aiuIoL5HHm3USWF62llT/qyI1IBBw73p\nG2zWrFodcWGTqgZWzwdVp2iJ8Wq5WSM14iNICHtJlknciihuFJRSvif/JMI7LAhR\nEl6KOKhh/MbCkh7CCM4Dj2Xzo8Kml3zj3yXvVxfIrAEsqXcyalDcp+QV3onZmpdv\n7/dPNbEAkznBpnRgxdw/g1SwVYRaPyTtVG87rJnrM5swG1ZiiqMcziLDrzQ=\n-----END RSA PRIVATE KEY-----\n",
            "file": "k8s-cluster-vm-key.pem",
            "id": "Ansible-Internship-Project/k8s-cluster-vm-key.pem",
            "overwrite_on_create": true,
            "repository": "Ansible-Internship-Project",
            "sha": "967a87160f254e196c4f90447b5e7ddd881c5c2f"
          },
          "sensitive_attributes": [
            [
              {
                "type": "get_attr",
                "value": "content"
              }
            ]
          ],
          "private": "bnVsbA==",
          "dependencies": [
            "module.cluster_key.tls_private_key.keypair"
          ]
        }
      ]
    }
  ]
}
